{
  "name": "@merkur/plugin-component",
  "version": "0.14.0",
  "lockfileVersion": 1,
  "requires": true,
  "dependencies": {
    "@merkur/core": {
      "version": "0.14.0",
      "resolved": "https://registry.npmjs.org/@merkur/core/-/core-0.14.0.tgz",
      "integrity": "sha512-I75qpw6iFKYrReltKJKz6gP/kQ3LNomfKlgzC4Qr/rc13D/cA80sayESvbD/LbOU+Gk9QKCWUfwEubdP3J914Q==",
      "dev": true
    },
    "fsevents": {
      "version": "2.1.3",
      "resolved": "https://registry.npmjs.org/fsevents/-/fsevents-2.1.3.tgz",
      "integrity": "sha512-Auw9a4AxqWpa9GUfj370BMPzzyncfBABW8Mab7BGWBYDj4Isgq+cDKtx0i6u9jcX9pQDnswsaaOTgTmA5pEjuQ==",
      "dev": true,
      "optional": true
    },
    "rollup": {
      "version": "2.23.0",
      "resolved": "https://registry.npmjs.org/rollup/-/rollup-2.23.0.tgz",
      "integrity": "sha512-vLNmZFUGVwrnqNAJ/BvuLk1MtWzu4IuoqsH9UWK5AIdO3rt8/CSiJNvPvCIvfzrbNsqKbNzPAG1V2O4eTe2XZg==",
      "dev": true,
      "requires": {
        "fsevents": "~2.1.2"
      }
    }
  }
}
