{
  "name": "@merkur/tool-storybook",
  "version": "0.23.9",
  "lockfileVersion": 1,
  "requires": true,
  "dependencies": {
    "@babel/helper-plugin-utils": {
      "version": "7.13.0",
      "resolved": "https://registry.npmjs.org/@babel/helper-plugin-utils/-/helper-plugin-utils-7.13.0.tgz",
      "integrity": "sha512-ZPafIPSwzUlAoWT8DKs1W2VyF2gOWthGd5NGFMsBcMMol+ZhK+EQY/e6V96poa6PA/Bh+C9plWN0hXO1uB8AfQ==",
      "dev": true
    },
    "@babel/helper-skip-transparent-expression-wrappers": {
      "version": "7.12.1",
      "resolved": "https://registry.npmjs.org/@babel/helper-skip-transparent-expression-wrappers/-/helper-skip-transparent-expression-wrappers-7.12.1.tgz",
      "integrity": "sha512-Mf5AUuhG1/OCChOJ/HcADmvcHM42WJockombn8ATJG3OnyiSxBK/Mm5x78BQWvmtXZKHgbjdGL2kin/HOLlZGA==",
      "dev": true,
      "requires": {
        "@babel/types": "^7.12.1"
      }
    },
    "@babel/helper-validator-identifier": {
      "version": "7.12.11",
      "resolved": "https://registry.npmjs.org/@babel/helper-validator-identifier/-/helper-validator-identifier-7.12.11.tgz",
      "integrity": "sha512-np/lG3uARFybkoHokJUmf1QfEvRVCPbmQeUQpKow5cQ3xWrV9i3rUHodKDJPQfTVX61qKi+UdYk8kik84n7XOw==",
      "dev": true
    },
    "@babel/plugin-proposal-nullish-coalescing-operator": {
      "version": "7.13.8",
      "resolved": "https://registry.npmjs.org/@babel/plugin-proposal-nullish-coalescing-operator/-/plugin-proposal-nullish-coalescing-operator-7.13.8.tgz",
      "integrity": "sha512-iePlDPBn//UhxExyS9KyeYU7RM9WScAG+D3Hhno0PLJebAEpDZMocbDe64eqynhNAnwz/vZoL/q/QB2T1OH39A==",
      "dev": true,
      "requires": {
        "@babel/helper-plugin-utils": "^7.13.0",
        "@babel/plugin-syntax-nullish-coalescing-operator": "^7.8.3"
      }
    },
    "@babel/plugin-proposal-optional-chaining": {
      "version": "7.13.12",
      "resolved": "https://registry.npmjs.org/@babel/plugin-proposal-optional-chaining/-/plugin-proposal-optional-chaining-7.13.12.tgz",
      "integrity": "sha512-fcEdKOkIB7Tf4IxrgEVeFC4zeJSTr78no9wTdBuZZbqF64kzllU0ybo2zrzm7gUQfxGhBgq4E39oRs8Zx/RMYQ==",
      "dev": true,
      "requires": {
        "@babel/helper-plugin-utils": "^7.13.0",
        "@babel/helper-skip-transparent-expression-wrappers": "^7.12.1",
        "@babel/plugin-syntax-optional-chaining": "^7.8.3"
      }
    },
    "@babel/plugin-syntax-nullish-coalescing-operator": {
      "version": "7.8.3",
      "resolved": "https://registry.npmjs.org/@babel/plugin-syntax-nullish-coalescing-operator/-/plugin-syntax-nullish-coalescing-operator-7.8.3.tgz",
      "integrity": "sha512-aSff4zPII1u2QD7y+F8oDsz19ew4IGEJg9SVW+bqwpwtfFleiQDMdzA/R+UlWDzfnHFCxxleFT0PMIrR36XLNQ==",
      "dev": true,
      "requires": {
        "@babel/helper-plugin-utils": "^7.8.0"
      }
    },
    "@babel/plugin-syntax-optional-chaining": {
      "version": "7.8.3",
      "resolved": "https://registry.npmjs.org/@babel/plugin-syntax-optional-chaining/-/plugin-syntax-optional-chaining-7.8.3.tgz",
      "integrity": "sha512-KoK9ErH1MBlCPxV0VANkXW2/dw4vlbGDrFgz8bmUsBGYkFRcbRwMh6cIJubdPrkxRwuGdtCk0v/wPTKbQgBjkg==",
      "dev": true,
      "requires": {
        "@babel/helper-plugin-utils": "^7.8.0"
      }
    },
    "@babel/types": {
      "version": "7.13.14",
      "resolved": "https://registry.npmjs.org/@babel/types/-/types-7.13.14.tgz",
      "integrity": "sha512-A2aa3QTkWoyqsZZFl56MLUsfmh7O0gN41IPvXAE/++8ojpbz12SszD7JEGYVdn4f9Kt4amIei07swF1h4AqmmQ==",
      "dev": true,
      "requires": {
        "@babel/helper-validator-identifier": "^7.12.11",
        "lodash": "^4.17.19",
        "to-fast-properties": "^2.0.0"
      }
    },
    "@merkur/core": {
      "version": "0.23.9",
      "resolved": "https://registry.npmjs.org/@merkur/core/-/core-0.23.9.tgz",
      "integrity": "sha512-lgsbn+ENiy7FjWqGeHMVEj/PuEi2G3yToF4lKCn12WeH4uJZ7trJurrm4hfMOs6Q63KtCquerYR8ywUfZqi2ZA==",
      "dev": true
    },
    "@merkur/plugin-component": {
      "version": "0.23.9",
      "resolved": "https://registry.npmjs.org/@merkur/plugin-component/-/plugin-component-0.23.9.tgz",
      "integrity": "sha512-/lM/7JV5YgeYibLUWrdju0erqr/AIWFowordev+q6pmo7qPqzQMP0C6RITc41UbqJZi3DXW255S0ZnwUbHaGOA==",
      "dev": true
    },
    "fsevents": {
      "version": "2.3.2",
      "resolved": "https://registry.npmjs.org/fsevents/-/fsevents-2.3.2.tgz",
      "integrity": "sha512-xiqMQR4xAeHTuB9uWm+fFRcIOgKBMiOBP+eXiyT7jsgVCq1bkVygt00oASowB7EdtpOHaaPgKt812P9ab+DDKA==",
      "dev": true,
      "optional": true
    },
    "lodash": {
      "version": "4.17.21",
      "resolved": "https://registry.npmjs.org/lodash/-/lodash-4.17.21.tgz",
      "integrity": "sha512-v2kDEe57lecTulaDIuNTPy3Ry4gLGJ6Z1O3vE1krgXZNrsQ+LFTGHVxVjcXPs17LhbZVGedAJv8XZ1tvj5FvSg==",
      "dev": true
    },
    "rollup": {
      "version": "2.45.2",
      "resolved": "https://registry.npmjs.org/rollup/-/rollup-2.45.2.tgz",
      "integrity": "sha512-kRRU7wXzFHUzBIv0GfoFFIN3m9oteY4uAsKllIpQDId5cfnkWF2J130l+27dzDju0E6MScKiV0ZM5Bw8m4blYQ==",
      "dev": true,
      "requires": {
        "fsevents": "~2.3.1"
      }
    },
    "to-fast-properties": {
      "version": "2.0.0",
      "resolved": "https://registry.npmjs.org/to-fast-properties/-/to-fast-properties-2.0.0.tgz",
      "integrity": "sha1-3F5pjL0HkmW8c+A3doGk5Og/YW4=",
      "dev": true
    }
  }
}
