{
  "name": "@merkur/tool-storybook",
  "version": "0.24.1",
  "lockfileVersion": 1,
  "requires": true,
  "dependencies": {
    "@babel/helper-plugin-utils": {
      "version": "7.14.5",
      "resolved": "https://registry.npmjs.org/@babel/helper-plugin-utils/-/helper-plugin-utils-7.14.5.tgz",
      "integrity": "sha512-/37qQCE3K0vvZKwoK4XU/irIJQdIfCJuhU5eKnNxpFDsOkgFaUAwbv+RYw6eYgsC0E4hS7r5KqGULUogqui0fQ==",
      "dev": true
    },
    "@babel/helper-skip-transparent-expression-wrappers": {
      "version": "7.14.5",
      "resolved": "https://registry.npmjs.org/@babel/helper-skip-transparent-expression-wrappers/-/helper-skip-transparent-expression-wrappers-7.14.5.tgz",
      "integrity": "sha512-dmqZB7mrb94PZSAOYtr+ZN5qt5owZIAgqtoTuqiFbHFtxgEcmQlRJVI+bO++fciBunXtB6MK7HrzrfcAzIz2NQ==",
      "dev": true,
      "requires": {
        "@babel/types": "^7.14.5"
      }
    },
    "@babel/helper-validator-identifier": {
      "version": "7.14.5",
      "resolved": "https://registry.npmjs.org/@babel/helper-validator-identifier/-/helper-validator-identifier-7.14.5.tgz",
      "integrity": "sha512-5lsetuxCLilmVGyiLEfoHBRX8UCFD+1m2x3Rj97WrW3V7H3u4RWRXA4evMjImCsin2J2YT0QaVDGf+z8ondbAg==",
      "dev": true
    },
    "@babel/plugin-proposal-nullish-coalescing-operator": {
      "version": "7.14.5",
      "resolved": "https://registry.npmjs.org/@babel/plugin-proposal-nullish-coalescing-operator/-/plugin-proposal-nullish-coalescing-operator-7.14.5.tgz",
      "integrity": "sha512-gun/SOnMqjSb98Nkaq2rTKMwervfdAoz6NphdY0vTfuzMfryj+tDGb2n6UkDKwez+Y8PZDhE3D143v6Gepp4Hg==",
      "dev": true,
      "requires": {
        "@babel/helper-plugin-utils": "^7.14.5",
        "@babel/plugin-syntax-nullish-coalescing-operator": "^7.8.3"
      }
    },
    "@babel/plugin-proposal-optional-chaining": {
      "version": "7.14.5",
      "resolved": "https://registry.npmjs.org/@babel/plugin-proposal-optional-chaining/-/plugin-proposal-optional-chaining-7.14.5.tgz",
      "integrity": "sha512-ycz+VOzo2UbWNI1rQXxIuMOzrDdHGrI23fRiz/Si2R4kv2XZQ1BK8ccdHwehMKBlcH/joGW/tzrUmo67gbJHlQ==",
      "dev": true,
      "requires": {
        "@babel/helper-plugin-utils": "^7.14.5",
        "@babel/helper-skip-transparent-expression-wrappers": "^7.14.5",
        "@babel/plugin-syntax-optional-chaining": "^7.8.3"
      }
    },
    "@babel/plugin-syntax-nullish-coalescing-operator": {
      "version": "7.8.3",
      "resolved": "https://registry.npmjs.org/@babel/plugin-syntax-nullish-coalescing-operator/-/plugin-syntax-nullish-coalescing-operator-7.8.3.tgz",
      "integrity": "sha512-aSff4zPII1u2QD7y+F8oDsz19ew4IGEJg9SVW+bqwpwtfFleiQDMdzA/R+UlWDzfnHFCxxleFT0PMIrR36XLNQ==",
      "dev": true,
      "requires": {
        "@babel/helper-plugin-utils": "^7.8.0"
      }
    },
    "@babel/plugin-syntax-optional-chaining": {
      "version": "7.8.3",
      "resolved": "https://registry.npmjs.org/@babel/plugin-syntax-optional-chaining/-/plugin-syntax-optional-chaining-7.8.3.tgz",
      "integrity": "sha512-KoK9ErH1MBlCPxV0VANkXW2/dw4vlbGDrFgz8bmUsBGYkFRcbRwMh6cIJubdPrkxRwuGdtCk0v/wPTKbQgBjkg==",
      "dev": true,
      "requires": {
        "@babel/helper-plugin-utils": "^7.8.0"
      }
    },
    "@babel/types": {
      "version": "7.14.5",
      "resolved": "https://registry.npmjs.org/@babel/types/-/types-7.14.5.tgz",
      "integrity": "sha512-M/NzBpEL95I5Hh4dwhin5JlE7EzO5PHMAuzjxss3tiOBD46KfQvVedN/3jEPZvdRvtsK2222XfdHogNIttFgcg==",
      "dev": true,
      "requires": {
        "@babel/helper-validator-identifier": "^7.14.5",
        "to-fast-properties": "^2.0.0"
      }
    },
    "fsevents": {
      "version": "2.3.2",
      "resolved": "https://registry.npmjs.org/fsevents/-/fsevents-2.3.2.tgz",
      "integrity": "sha512-xiqMQR4xAeHTuB9uWm+fFRcIOgKBMiOBP+eXiyT7jsgVCq1bkVygt00oASowB7EdtpOHaaPgKt812P9ab+DDKA==",
      "dev": true,
      "optional": true
    },
    "rollup": {
      "version": "2.52.1",
      "resolved": "https://registry.npmjs.org/rollup/-/rollup-2.52.1.tgz",
      "integrity": "sha512-/SPqz8UGnp4P1hq6wc9gdTqA2bXQXGx13TtoL03GBm6qGRI6Hm3p4Io7GeiHNLl0BsQAne1JNYY+q/apcY933w==",
      "dev": true,
      "requires": {
        "fsevents": "~2.3.2"
      }
    },
    "to-fast-properties": {
      "version": "2.0.0",
      "resolved": "https://registry.npmjs.org/to-fast-properties/-/to-fast-properties-2.0.0.tgz",
      "integrity": "sha1-3F5pjL0HkmW8c+A3doGk5Og/YW4=",
      "dev": true
    }
  }
}
