{
  "name": "@merkur/integration",
  "version": "0.24.1",
  "lockfileVersion": 1,
  "requires": true,
  "dependencies": {
    "fsevents": {
      "version": "2.3.2",
      "resolved": "https://registry.npmjs.org/fsevents/-/fsevents-2.3.2.tgz",
      "integrity": "sha512-xiqMQR4xAeHTuB9uWm+fFRcIOgKBMiOBP+eXiyT7jsgVCq1bkVygt00oASowB7EdtpOHaaPgKt812P9ab+DDKA==",
      "dev": true,
      "optional": true
    },
    "rollup": {
      "version": "2.52.1",
      "resolved": "https://registry.npmjs.org/rollup/-/rollup-2.52.1.tgz",
      "integrity": "sha512-/SPqz8UGnp4P1hq6wc9gdTqA2bXQXGx13TtoL03GBm6qGRI6Hm3p4Io7GeiHNLl0BsQAne1JNYY+q/apcY933w==",
      "dev": true,
      "requires": {
        "fsevents": "~2.3.2"
      }
    }
  }
}
