{
  "name": "@merkur/plugin-css-scrambler",
  "version": "0.1.0",
  "lockfileVersion": 1,
  "requires": true,
  "dependencies": {
    "@merkur/core": {
      "version": "0.23.12",
      "dev": true,
      "dependencies": {
        "fsevents": {
          "version": "2.3.2",
          "resolved": "https://registry.npmjs.org/fsevents/-/fsevents-2.3.2.tgz",
          "integrity": "sha512-xiqMQR4xAeHTuB9uWm+fFRcIOgKBMiOBP+eXiyT7jsgVCq1bkVygt00oASowB7EdtpOHaaPgKt812P9ab+DDKA==",
          "optional": true
        },
        "rollup": {
          "version": "2.45.2",
          "resolved": "https://registry.npmjs.org/rollup/-/rollup-2.45.2.tgz",
          "integrity": "sha512-kRRU7wXzFHUzBIv0GfoFFIN3m9oteY4uAsKllIpQDId5cfnkWF2J130l+27dzDju0E6MScKiV0ZM5Bw8m4blYQ==",
          "requires": {
            "fsevents": "~2.3.1"
          }
        }
      }
    },
    "classnames": {
      "version": "2.3.1",
      "resolved": "https://registry.npmjs.org/classnames/-/classnames-2.3.1.tgz",
      "integrity": "sha512-OlQdbZ7gLfGarSqxesMesDa5uz7KFbID8Kpq/SxIoNGDqY8lSYs0D+hhtBXhcdB3rcbXArFr7vlHheLk1voeNA=="
    },
    "cssesc": {
      "version": "3.0.0",
      "resolved": "https://registry.npmjs.org/cssesc/-/cssesc-3.0.0.tgz",
      "integrity": "sha512-/Tb/JcjK111nNScGob5MNtsntNM1aCNUDipB/TkwZFhyDrrE47SOx/18wF2bbjgc3ZzCSKW1T5nt5EbFoAz/Vg=="
    },
    "fsevents": {
      "version": "2.3.2",
      "resolved": "https://registry.npmjs.org/fsevents/-/fsevents-2.3.2.tgz",
      "integrity": "sha512-xiqMQR4xAeHTuB9uWm+fFRcIOgKBMiOBP+eXiyT7jsgVCq1bkVygt00oASowB7EdtpOHaaPgKt812P9ab+DDKA==",
      "dev": true,
      "optional": true
    },
    "postcss-selector-parser": {
      "version": "6.0.6",
      "resolved": "https://registry.npmjs.org/postcss-selector-parser/-/postcss-selector-parser-6.0.6.tgz",
      "integrity": "sha512-9LXrvaaX3+mcv5xkg5kFwqSzSH1JIObIx51PrndZwlmznwXRfxMddDvo9gve3gVR8ZTKgoFDdWkbRFmEhT4PMg==",
      "requires": {
        "cssesc": "^3.0.0",
        "util-deprecate": "^1.0.2"
      }
    },
    "rollup": {
      "version": "2.45.2",
      "resolved": "https://registry.npmjs.org/rollup/-/rollup-2.45.2.tgz",
      "integrity": "sha512-kRRU7wXzFHUzBIv0GfoFFIN3m9oteY4uAsKllIpQDId5cfnkWF2J130l+27dzDju0E6MScKiV0ZM5Bw8m4blYQ==",
      "dev": true,
      "requires": {
        "fsevents": "~2.3.1"
      }
    },
    "util-deprecate": {
      "version": "1.0.2",
      "resolved": "https://registry.npmjs.org/util-deprecate/-/util-deprecate-1.0.2.tgz",
      "integrity": "sha1-RQ1Nyfpw3nMnYvvS1KKJgUGaDM8="
    }
  }
}
