{
  "name": "@merkur/plugin-style-inhibitor",
  "version": "1.0.0",
  "lockfileVersion": 1,
  "requires": true,
  "dependencies": {
    "@merkur/core": {
      "version": "0.23.12",
      "resolved": "https://registry.npmjs.org/@merkur/core/-/core-0.23.12.tgz",
      "integrity": "sha512-NEQOqALsvm+PC2mFvShHkFJmIfcE+XXovNH9ySG0dwIh2B7WDepKP4i755YGkEBLP6V7CrUtVkjQBV5/TbzDLA==",
      "dev": true
    },
    "fsevents": {
      "version": "2.3.2",
      "resolved": "https://registry.npmjs.org/fsevents/-/fsevents-2.3.2.tgz",
      "integrity": "sha512-xiqMQR4xAeHTuB9uWm+fFRcIOgKBMiOBP+eXiyT7jsgVCq1bkVygt00oASowB7EdtpOHaaPgKt812P9ab+DDKA==",
      "dev": true,
      "optional": true
    },
    "rollup": {
      "version": "2.53.2",
      "resolved": "https://registry.npmjs.org/rollup/-/rollup-2.53.2.tgz",
      "integrity": "sha512-1CtEYuS5CRCzFZ7SNW5528SlDlk4VDXIRGwbm/2POQxA/G4+7/crIqJwkmnj8Q/74hGx4oVlNvh4E1CJQ5hZ6w==",
      "dev": true,
      "requires": {
        "fsevents": "~2.3.2"
      }
    }
  }
}
