{
  "name": "@merkur/plugin-http-client",
  "version": "0.22.0",
  "lockfileVersion": 1,
  "requires": true,
  "dependencies": {
    "@merkur/core": {
      "version": "0.22.0",
      "resolved": "https://registry.npmjs.org/@merkur/core/-/core-0.22.0.tgz",
      "integrity": "sha512-2D0Z80fCy/igx41a9YbhBWrmcEiGexFmuHYvmr5wVBO4scu8muBcy+Qj7HQEUW4PIF1u9gNiwVQFM/wDWqkREg==",
      "dev": true
    },
    "abort-controller": {
      "version": "3.0.0",
      "resolved": "https://registry.npmjs.org/abort-controller/-/abort-controller-3.0.0.tgz",
      "integrity": "sha512-h8lQ8tacZYnR3vNQTgibj+tODHI5/+l06Au2Pcriv/Gmet0eaj4TwWH41sO9wnHDiQsEj19q0drzdWdeAHtweg==",
      "requires": {
        "event-target-shim": "^5.0.0"
      }
    },
    "event-target-shim": {
      "version": "5.0.1",
      "resolved": "https://registry.npmjs.org/event-target-shim/-/event-target-shim-5.0.1.tgz",
      "integrity": "sha512-i/2XbnSz/uxRCU6+NdVJgKWDTM427+MqYbkQzD321DuCQJUqOuJKIA0IM2+W2xtYHdKOmZ4dR6fExsd4SXL+WQ=="
    },
    "fsevents": {
      "version": "2.1.3",
      "resolved": "https://registry.npmjs.org/fsevents/-/fsevents-2.1.3.tgz",
      "integrity": "sha512-Auw9a4AxqWpa9GUfj370BMPzzyncfBABW8Mab7BGWBYDj4Isgq+cDKtx0i6u9jcX9pQDnswsaaOTgTmA5pEjuQ==",
      "dev": true,
      "optional": true
    },
    "node-fetch": {
      "version": "2.6.1",
      "resolved": "https://registry.npmjs.org/node-fetch/-/node-fetch-2.6.1.tgz",
      "integrity": "sha512-V4aYg89jEoVRxRb2fJdAg8FHvI7cEyYdVAh94HH0UIK8oJxUfkjlDQN9RbMx+bEjP7+ggMiFRprSti032Oipxw=="
    },
    "rollup": {
      "version": "2.36.2",
      "resolved": "https://registry.npmjs.org/rollup/-/rollup-2.36.2.tgz",
      "integrity": "sha512-qjjiuJKb+/8n0EZyQYVW+gFU4bNRBcZaXVzUgSVrGw0HlQBlK2aWyaOMMs1Ufic1jV69b9kW3u3i9B+hISDm3A==",
      "dev": true,
      "requires": {
        "fsevents": "~2.1.2"
      }
    },
    "whatwg-fetch": {
      "version": "3.5.0",
      "resolved": "https://registry.npmjs.org/whatwg-fetch/-/whatwg-fetch-3.5.0.tgz",
      "integrity": "sha512-jXkLtsR42xhXg7akoDKvKWE40eJeI+2KZqcp2h3NsOrRnDvtWX36KcKl30dy+hxECivdk2BVUHVNrPtoMBUx6A=="
    }
  }
}
