{
  "name": "@merkur/plugin-graphql-client",
  "version": "0.27.5",
  "lockfileVersion": 1,
  "requires": true,
  "dependencies": {
    "@merkur/core": {
      "version": "0.27.1",
      "resolved": "https://registry.npmjs.org/@merkur/core/-/core-0.27.1.tgz",
      "integrity": "sha512-oN5CuOhe6b7vwgLiPH0RWjFxE2yzuoSY2MNdBfHFnp61WUBYzQiXEvY3hfs161mZNjRERj9iCnNa7aORzGlJWQ==",
      "dev": true
    },
    "@merkur/plugin-component": {
      "version": "0.27.1",
      "resolved": "https://registry.npmjs.org/@merkur/plugin-component/-/plugin-component-0.27.1.tgz",
      "integrity": "sha512-HlP4XoSSPxKMhJB24zISIdsSzNmSqTHznPXTj0s25uWrav+TtHfamZ9aescPMmPkoi5pGDNcc8RkQv/EUhV6FQ==",
      "dev": true
    },
    "@merkur/plugin-error": {
      "version": "0.27.6",
      "resolved": "https://registry.npmjs.org/@merkur/plugin-error/-/plugin-error-0.27.6.tgz",
      "integrity": "sha512-VGOuH0xZ2TES9NlxZcjmQ/rAoRBB1u4e8mbAm8SBEJquGGRPdGCXS1//Ih0bsS1e7fF3GcskhFXZeX9n8Y/7jg==",
      "dev": true
    },
    "@merkur/plugin-http-client": {
      "version": "0.27.6",
      "resolved": "https://registry.npmjs.org/@merkur/plugin-http-client/-/plugin-http-client-0.27.6.tgz",
      "integrity": "sha512-LDydET5x+bnnLBwqADQ339SU292e/haVmoNiJPgeGwv/f8JnlcgVWZPta5idQtdeYbpyTBkR4X5GL1Uh123l5A==",
      "dev": true,
      "requires": {
        "abort-controller": "^3.0.0",
        "node-fetch": "^2.6.1",
        "whatwg-fetch": "^3.6.2"
      }
    },
    "abort-controller": {
      "version": "3.0.0",
      "resolved": "https://registry.npmjs.org/abort-controller/-/abort-controller-3.0.0.tgz",
      "integrity": "sha512-h8lQ8tacZYnR3vNQTgibj+tODHI5/+l06Au2Pcriv/Gmet0eaj4TwWH41sO9wnHDiQsEj19q0drzdWdeAHtweg==",
      "dev": true,
      "requires": {
        "event-target-shim": "^5.0.0"
      }
    },
    "event-target-shim": {
      "version": "5.0.1",
      "resolved": "https://registry.npmjs.org/event-target-shim/-/event-target-shim-5.0.1.tgz",
      "integrity": "sha512-i/2XbnSz/uxRCU6+NdVJgKWDTM427+MqYbkQzD321DuCQJUqOuJKIA0IM2+W2xtYHdKOmZ4dR6fExsd4SXL+WQ==",
      "dev": true
    },
    "fsevents": {
      "version": "2.3.2",
      "resolved": "https://registry.npmjs.org/fsevents/-/fsevents-2.3.2.tgz",
      "integrity": "sha512-xiqMQR4xAeHTuB9uWm+fFRcIOgKBMiOBP+eXiyT7jsgVCq1bkVygt00oASowB7EdtpOHaaPgKt812P9ab+DDKA==",
      "dev": true,
      "optional": true
    },
    "graphql": {
      "version": "15.7.0",
      "resolved": "https://registry.npmjs.org/graphql/-/graphql-15.7.0.tgz",
      "integrity": "sha512-1jvUsS5mSzcgXLTQNQyrP7eKkBZW+HUnmx2LYSnfvkyseVpij8wwO/sFBGgxbkZ+zzFwYQxrHsOana5oMXmMxg=="
    },
    "graphql-tag": {
      "version": "2.12.5",
      "resolved": "https://registry.npmjs.org/graphql-tag/-/graphql-tag-2.12.5.tgz",
      "integrity": "sha512-5xNhP4063d16Pz3HBtKprutsPrmHZi5IdUGOWRxA2B6VF7BIRGOHZ5WQvDmJXZuPcBg7rYwaFxvQYjqkSdR3TQ==",
      "requires": {
        "tslib": "^2.1.0"
      }
    },
    "node-fetch": {
      "version": "2.6.6",
      "resolved": "https://registry.npmjs.org/node-fetch/-/node-fetch-2.6.6.tgz",
      "integrity": "sha512-Z8/6vRlTUChSdIgMa51jxQ4lrw/Jy5SOW10ObaA47/RElsAN2c5Pn8bTgFGWn/ibwzXTE8qwr1Yzx28vsecXEA==",
      "dev": true,
      "requires": {
        "whatwg-url": "^5.0.0"
      }
    },
    "rollup": {
      "version": "2.57.0",
      "resolved": "https://registry.npmjs.org/rollup/-/rollup-2.57.0.tgz",
      "integrity": "sha512-bKQIh1rWKofRee6mv8SrF2HdP6pea5QkwBZSMImJysFj39gQuiV8MEPBjXOCpzk3wSYp63M2v2wkWBmFC8O/rg==",
      "dev": true,
      "requires": {
        "fsevents": "~2.3.2"
      }
    },
    "tr46": {
      "version": "0.0.3",
      "resolved": "https://registry.npmjs.org/tr46/-/tr46-0.0.3.tgz",
      "integrity": "sha1-gYT9NH2snNwYWZLzpmIuFLnZq2o=",
      "dev": true
    },
    "tslib": {
      "version": "2.3.1",
      "resolved": "https://registry.npmjs.org/tslib/-/tslib-2.3.1.tgz",
      "integrity": "sha512-77EbyPPpMz+FRFRuAFlWMtmgUWGe9UOG2Z25NqCwiIjRhOf5iKGuzSe5P2w1laq+FkRy4p+PCuVkJSGkzTEKVw=="
    },
    "webidl-conversions": {
      "version": "3.0.1",
      "resolved": "https://registry.npmjs.org/webidl-conversions/-/webidl-conversions-3.0.1.tgz",
      "integrity": "sha1-JFNCdeKnvGvnvIZhHMFq4KVlSHE=",
      "dev": true
    },
    "whatwg-fetch": {
      "version": "3.6.2",
      "resolved": "https://registry.npmjs.org/whatwg-fetch/-/whatwg-fetch-3.6.2.tgz",
      "integrity": "sha512-bJlen0FcuU/0EMLrdbJ7zOnW6ITZLrZMIarMUVmdKtsGvZna8vxKYaexICWPfZ8qwf9fzNq+UEIZrnSaApt6RA==",
      "dev": true
    },
    "whatwg-url": {
      "version": "5.0.0",
      "resolved": "https://registry.npmjs.org/whatwg-url/-/whatwg-url-5.0.0.tgz",
      "integrity": "sha1-lmRU6HZUYuN2RNNib2dCzotwll0=",
      "dev": true,
      "requires": {
        "tr46": "~0.0.3",
        "webidl-conversions": "^3.0.0"
      }
    }
  }
}
