{
	"name": "@merkur/plugin-graphql-client",
	"version": "0.29.1",
	"lockfileVersion": 2,
	"requires": true,
	"packages": {
		"": {
			"name": "@merkur/plugin-graphql-client",
			"version": "0.27.5",
			"license": "ISC",
			"dependencies": {
				"graphql": "^15.7.0",
				"graphql-tag": "^2.12.5"
			},
			"devDependencies": {
				"rollup": "^2.70.2"
			},
			"peerDependencies": {
				"@merkur/core": "*",
				"@merkur/plugin-error": "^0.28.0",
				"@merkur/plugin-http-client": "^0.28.1"
			}
		},
		"node_modules/@merkur/core": {
			"version": "0.28.0",
			"resolved": "https://registry.npmjs.org/@merkur/core/-/core-0.28.0.tgz",
			"integrity": "sha512-wcfxHNKGMECkYmJSnNOpMdNz0y7mpcsj0MTQzXuatknJIhj5lJIL1UL15SN6DKxskFokLjyeXwexlgb6mCUOCw==",
			"peer": true
		},
		"node_modules/@merkur/plugin-component": {
			"version": "0.28.0",
			"resolved": "https://registry.npmjs.org/@merkur/plugin-component/-/plugin-component-0.28.0.tgz",
			"integrity": "sha512-XTlvPj3lvlRraZpXpFvT5oZHtOB4TpzbahIF4MGFIxhz9yA/ke9mscX4CGqWdYNyuJtgJpa5TVlG72b4D4hnkQ==",
			"peer": true,
			"peerDependencies": {
				"@merkur/core": "*"
			}
		},
		"node_modules/@merkur/plugin-error": {
			"version": "0.28.0",
			"resolved": "https://registry.npmjs.org/@merkur/plugin-error/-/plugin-error-0.28.0.tgz",
			"integrity": "sha512-O+QtnZCVsTI6BkVsvY8U4xjwSpG1jOgFt1xD45JNZC3gXFUA88WGVHrWm2xo7x1CEGDy+laAM1/GQ3/GRIpumw==",
			"peer": true,
			"peerDependencies": {
				"@merkur/core": "*",
				"@merkur/plugin-component": "*"
			}
		},
		"node_modules/@merkur/plugin-http-client": {
			"version": "0.28.1",
			"resolved": "https://registry.npmjs.org/@merkur/plugin-http-client/-/plugin-http-client-0.28.1.tgz",
			"integrity": "sha512-RPuh8hp3F83lh7Z5qolLTIBZcJPE9GvbIweWaPieOJjWqm73xu4HTFAwfnDuuMmt9TNuBrM4oL+/dUhWTTYdwA==",
			"peer": true,
			"dependencies": {
				"abort-controller": "^3.0.0",
				"node-fetch": "^2.6.7",
				"whatwg-fetch": "^3.6.2"
			},
			"peerDependencies": {
				"@merkur/core": "*"
			}
		},
		"node_modules/abort-controller": {
			"version": "3.0.0",
			"resolved": "https://registry.npmjs.org/abort-controller/-/abort-controller-3.0.0.tgz",
			"integrity": "sha512-h8lQ8tacZYnR3vNQTgibj+tODHI5/+l06Au2Pcriv/Gmet0eaj4TwWH41sO9wnHDiQsEj19q0drzdWdeAHtweg==",
			"peer": true,
			"dependencies": {
				"event-target-shim": "^5.0.0"
			},
			"engines": {
				"node": ">=6.5"
			}
		},
		"node_modules/event-target-shim": {
			"version": "5.0.1",
			"resolved": "https://registry.npmjs.org/event-target-shim/-/event-target-shim-5.0.1.tgz",
			"integrity": "sha512-i/2XbnSz/uxRCU6+NdVJgKWDTM427+MqYbkQzD321DuCQJUqOuJKIA0IM2+W2xtYHdKOmZ4dR6fExsd4SXL+WQ==",
			"peer": true,
			"engines": {
				"node": ">=6"
			}
		},
		"node_modules/fsevents": {
			"version": "2.3.2",
			"resolved": "https://registry.npmjs.org/fsevents/-/fsevents-2.3.2.tgz",
			"integrity": "sha512-xiqMQR4xAeHTuB9uWm+fFRcIOgKBMiOBP+eXiyT7jsgVCq1bkVygt00oASowB7EdtpOHaaPgKt812P9ab+DDKA==",
			"dev": true,
			"hasInstallScript": true,
			"optional": true,
			"os": [
				"darwin"
			],
			"engines": {
				"node": "^8.16.0 || ^10.6.0 || >=11.0.0"
			}
		},
		"node_modules/graphql": {
			"version": "15.7.0",
			"resolved": "https://registry.npmjs.org/graphql/-/graphql-15.7.0.tgz",
			"integrity": "sha512-1jvUsS5mSzcgXLTQNQyrP7eKkBZW+HUnmx2LYSnfvkyseVpij8wwO/sFBGgxbkZ+zzFwYQxrHsOana5oMXmMxg==",
			"engines": {
				"node": ">= 10.x"
			}
		},
		"node_modules/graphql-tag": {
			"version": "2.12.5",
			"resolved": "https://registry.npmjs.org/graphql-tag/-/graphql-tag-2.12.5.tgz",
			"integrity": "sha512-5xNhP4063d16Pz3HBtKprutsPrmHZi5IdUGOWRxA2B6VF7BIRGOHZ5WQvDmJXZuPcBg7rYwaFxvQYjqkSdR3TQ==",
			"dependencies": {
				"tslib": "^2.1.0"
			},
			"engines": {
				"node": ">=10"
			},
			"peerDependencies": {
				"graphql": "^0.9.0 || ^0.10.0 || ^0.11.0 || ^0.12.0 || ^0.13.0 || ^14.0.0 || ^15.0.0"
			}
		},
		"node_modules/node-fetch": {
			"version": "2.6.7",
			"resolved": "https://registry.npmjs.org/node-fetch/-/node-fetch-2.6.7.tgz",
			"integrity": "sha512-ZjMPFEfVx5j+y2yF35Kzx5sF7kDzxuDj6ziH4FFbOp87zKDZNx8yExJIb05OGF4Nlt9IHFIMBkRl41VdvcNdbQ==",
			"peer": true,
			"dependencies": {
				"whatwg-url": "^5.0.0"
			},
			"engines": {
				"node": "4.x || >=6.0.0"
			},
			"peerDependencies": {
				"encoding": "^0.1.0"
			},
			"peerDependenciesMeta": {
				"encoding": {
					"optional": true
				}
			}
		},
		"node_modules/rollup": {
			"version": "2.70.2",
			"resolved": "https://registry.npmjs.org/rollup/-/rollup-2.70.2.tgz",
			"integrity": "sha512-EitogNZnfku65I1DD5Mxe8JYRUCy0hkK5X84IlDtUs+O6JRMpRciXTzyCUuX11b5L5pvjH+OmFXiQ3XjabcXgg==",
			"dev": true,
			"bin": {
				"rollup": "dist/bin/rollup"
			},
			"engines": {
				"node": ">=10.0.0"
			},
			"optionalDependencies": {
				"fsevents": "~2.3.2"
			}
		},
		"node_modules/tr46": {
			"version": "0.0.3",
			"resolved": "https://registry.npmjs.org/tr46/-/tr46-0.0.3.tgz",
			"integrity": "sha1-gYT9NH2snNwYWZLzpmIuFLnZq2o=",
			"peer": true
		},
		"node_modules/tslib": {
			"version": "2.3.1",
			"resolved": "https://registry.npmjs.org/tslib/-/tslib-2.3.1.tgz",
			"integrity": "sha512-77EbyPPpMz+FRFRuAFlWMtmgUWGe9UOG2Z25NqCwiIjRhOf5iKGuzSe5P2w1laq+FkRy4p+PCuVkJSGkzTEKVw=="
		},
		"node_modules/webidl-conversions": {
			"version": "3.0.1",
			"resolved": "https://registry.npmjs.org/webidl-conversions/-/webidl-conversions-3.0.1.tgz",
			"integrity": "sha1-JFNCdeKnvGvnvIZhHMFq4KVlSHE=",
			"peer": true
		},
		"node_modules/whatwg-fetch": {
			"version": "3.6.2",
			"resolved": "https://registry.npmjs.org/whatwg-fetch/-/whatwg-fetch-3.6.2.tgz",
			"integrity": "sha512-bJlen0FcuU/0EMLrdbJ7zOnW6ITZLrZMIarMUVmdKtsGvZna8vxKYaexICWPfZ8qwf9fzNq+UEIZrnSaApt6RA==",
			"peer": true
		},
		"node_modules/whatwg-url": {
			"version": "5.0.0",
			"resolved": "https://registry.npmjs.org/whatwg-url/-/whatwg-url-5.0.0.tgz",
			"integrity": "sha1-lmRU6HZUYuN2RNNib2dCzotwll0=",
			"peer": true,
			"dependencies": {
				"tr46": "~0.0.3",
				"webidl-conversions": "^3.0.0"
			}
		}
	},
	"dependencies": {
		"@merkur/core": {
			"version": "0.28.0",
			"resolved": "https://registry.npmjs.org/@merkur/core/-/core-0.28.0.tgz",
			"integrity": "sha512-wcfxHNKGMECkYmJSnNOpMdNz0y7mpcsj0MTQzXuatknJIhj5lJIL1UL15SN6DKxskFokLjyeXwexlgb6mCUOCw==",
			"peer": true
		},
		"@merkur/plugin-component": {
			"version": "0.28.0",
			"resolved": "https://registry.npmjs.org/@merkur/plugin-component/-/plugin-component-0.28.0.tgz",
			"integrity": "sha512-XTlvPj3lvlRraZpXpFvT5oZHtOB4TpzbahIF4MGFIxhz9yA/ke9mscX4CGqWdYNyuJtgJpa5TVlG72b4D4hnkQ==",
			"peer": true,
			"requires": {}
		},
		"@merkur/plugin-error": {
			"version": "0.28.0",
			"resolved": "https://registry.npmjs.org/@merkur/plugin-error/-/plugin-error-0.28.0.tgz",
			"integrity": "sha512-O+QtnZCVsTI6BkVsvY8U4xjwSpG1jOgFt1xD45JNZC3gXFUA88WGVHrWm2xo7x1CEGDy+laAM1/GQ3/GRIpumw==",
			"peer": true,
			"requires": {}
		},
		"@merkur/plugin-http-client": {
			"version": "0.28.1",
			"resolved": "https://registry.npmjs.org/@merkur/plugin-http-client/-/plugin-http-client-0.28.1.tgz",
			"integrity": "sha512-RPuh8hp3F83lh7Z5qolLTIBZcJPE9GvbIweWaPieOJjWqm73xu4HTFAwfnDuuMmt9TNuBrM4oL+/dUhWTTYdwA==",
			"peer": true,
			"requires": {
				"abort-controller": "^3.0.0",
				"node-fetch": "^2.6.7",
				"whatwg-fetch": "^3.6.2"
			}
		},
		"abort-controller": {
			"version": "3.0.0",
			"resolved": "https://registry.npmjs.org/abort-controller/-/abort-controller-3.0.0.tgz",
			"integrity": "sha512-h8lQ8tacZYnR3vNQTgibj+tODHI5/+l06Au2Pcriv/Gmet0eaj4TwWH41sO9wnHDiQsEj19q0drzdWdeAHtweg==",
			"peer": true,
			"requires": {
				"event-target-shim": "^5.0.0"
			}
		},
		"event-target-shim": {
			"version": "5.0.1",
			"resolved": "https://registry.npmjs.org/event-target-shim/-/event-target-shim-5.0.1.tgz",
			"integrity": "sha512-i/2XbnSz/uxRCU6+NdVJgKWDTM427+MqYbkQzD321DuCQJUqOuJKIA0IM2+W2xtYHdKOmZ4dR6fExsd4SXL+WQ==",
			"peer": true
		},
		"fsevents": {
			"version": "2.3.2",
			"resolved": "https://registry.npmjs.org/fsevents/-/fsevents-2.3.2.tgz",
			"integrity": "sha512-xiqMQR4xAeHTuB9uWm+fFRcIOgKBMiOBP+eXiyT7jsgVCq1bkVygt00oASowB7EdtpOHaaPgKt812P9ab+DDKA==",
			"dev": true,
			"optional": true
		},
		"graphql": {
			"version": "15.7.0",
			"resolved": "https://registry.npmjs.org/graphql/-/graphql-15.7.0.tgz",
			"integrity": "sha512-1jvUsS5mSzcgXLTQNQyrP7eKkBZW+HUnmx2LYSnfvkyseVpij8wwO/sFBGgxbkZ+zzFwYQxrHsOana5oMXmMxg=="
		},
		"graphql-tag": {
			"version": "2.12.5",
			"resolved": "https://registry.npmjs.org/graphql-tag/-/graphql-tag-2.12.5.tgz",
			"integrity": "sha512-5xNhP4063d16Pz3HBtKprutsPrmHZi5IdUGOWRxA2B6VF7BIRGOHZ5WQvDmJXZuPcBg7rYwaFxvQYjqkSdR3TQ==",
			"requires": {
				"tslib": "^2.1.0"
			}
		},
		"node-fetch": {
			"version": "2.6.7",
			"resolved": "https://registry.npmjs.org/node-fetch/-/node-fetch-2.6.7.tgz",
			"integrity": "sha512-ZjMPFEfVx5j+y2yF35Kzx5sF7kDzxuDj6ziH4FFbOp87zKDZNx8yExJIb05OGF4Nlt9IHFIMBkRl41VdvcNdbQ==",
			"peer": true,
			"requires": {
				"whatwg-url": "^5.0.0"
			}
		},
		"rollup": {
			"version": "2.70.2",
			"resolved": "https://registry.npmjs.org/rollup/-/rollup-2.70.2.tgz",
			"integrity": "sha512-EitogNZnfku65I1DD5Mxe8JYRUCy0hkK5X84IlDtUs+O6JRMpRciXTzyCUuX11b5L5pvjH+OmFXiQ3XjabcXgg==",
			"dev": true,
			"requires": {
				"fsevents": "~2.3.2"
			}
		},
		"tr46": {
			"version": "0.0.3",
			"resolved": "https://registry.npmjs.org/tr46/-/tr46-0.0.3.tgz",
			"integrity": "sha1-gYT9NH2snNwYWZLzpmIuFLnZq2o=",
			"peer": true
		},
		"tslib": {
			"version": "2.3.1",
			"resolved": "https://registry.npmjs.org/tslib/-/tslib-2.3.1.tgz",
			"integrity": "sha512-77EbyPPpMz+FRFRuAFlWMtmgUWGe9UOG2Z25NqCwiIjRhOf5iKGuzSe5P2w1laq+FkRy4p+PCuVkJSGkzTEKVw=="
		},
		"webidl-conversions": {
			"version": "3.0.1",
			"resolved": "https://registry.npmjs.org/webidl-conversions/-/webidl-conversions-3.0.1.tgz",
			"integrity": "sha1-JFNCdeKnvGvnvIZhHMFq4KVlSHE=",
			"peer": true
		},
		"whatwg-fetch": {
			"version": "3.6.2",
			"resolved": "https://registry.npmjs.org/whatwg-fetch/-/whatwg-fetch-3.6.2.tgz",
			"integrity": "sha512-bJlen0FcuU/0EMLrdbJ7zOnW6ITZLrZMIarMUVmdKtsGvZna8vxKYaexICWPfZ8qwf9fzNq+UEIZrnSaApt6RA==",
			"peer": true
		},
		"whatwg-url": {
			"version": "5.0.0",
			"resolved": "https://registry.npmjs.org/whatwg-url/-/whatwg-url-5.0.0.tgz",
			"integrity": "sha1-lmRU6HZUYuN2RNNib2dCzotwll0=",
			"peer": true,
			"requires": {
				"tr46": "~0.0.3",
				"webidl-conversions": "^3.0.0"
			}
		}
	}
}
