{
  "name": "@merkur/integration-react",
  "version": "0.27.5",
  "lockfileVersion": 1,
  "requires": true,
  "dependencies": {
    "@babel/helper-annotate-as-pure": {
      "version": "7.15.4",
      "resolved": "https://registry.npmjs.org/@babel/helper-annotate-as-pure/-/helper-annotate-as-pure-7.15.4.tgz",
      "integrity": "sha512-QwrtdNvUNsPCj2lfNQacsGSQvGX8ee1ttrBrcozUP2Sv/jylewBP/8QFe6ZkBsC8T/GYWonNAWJV4aRR9AL2DA==",
      "dev": true,
      "requires": {
        "@babel/types": "^7.15.4"
      }
    },
    "@babel/helper-module-imports": {
      "version": "7.15.4",
      "resolved": "https://registry.npmjs.org/@babel/helper-module-imports/-/helper-module-imports-7.15.4.tgz",
      "integrity": "sha512-jeAHZbzUwdW/xHgHQ3QmWR4Jg6j15q4w/gCfwZvtqOxoo5DKtLHk8Bsf4c5RZRC7NmLEs+ohkdq8jFefuvIxAA==",
      "dev": true,
      "requires": {
        "@babel/types": "^7.15.4"
      }
    },
    "@babel/helper-plugin-utils": {
      "version": "7.14.5",
      "resolved": "https://registry.npmjs.org/@babel/helper-plugin-utils/-/helper-plugin-utils-7.14.5.tgz",
      "integrity": "sha512-/37qQCE3K0vvZKwoK4XU/irIJQdIfCJuhU5eKnNxpFDsOkgFaUAwbv+RYw6eYgsC0E4hS7r5KqGULUogqui0fQ==",
      "dev": true
    },
    "@babel/helper-validator-identifier": {
      "version": "7.15.7",
      "resolved": "https://registry.npmjs.org/@babel/helper-validator-identifier/-/helper-validator-identifier-7.15.7.tgz",
      "integrity": "sha512-K4JvCtQqad9OY2+yTU8w+E82ywk/fe+ELNlt1G8z3bVGlZfn/hOcQQsUhGhW/N+tb3fxK800wLtKOE/aM0m72w==",
      "dev": true
    },
    "@babel/helper-validator-option": {
      "version": "7.14.5",
      "resolved": "https://registry.npmjs.org/@babel/helper-validator-option/-/helper-validator-option-7.14.5.tgz",
      "integrity": "sha512-OX8D5eeX4XwcroVW45NMvoYaIuFI+GQpA2a8Gi+X/U/cDUIRsV37qQfF905F0htTRCREQIB4KqPeaveRJUl3Ow==",
      "dev": true
    },
    "@babel/plugin-syntax-jsx": {
      "version": "7.14.5",
      "resolved": "https://registry.npmjs.org/@babel/plugin-syntax-jsx/-/plugin-syntax-jsx-7.14.5.tgz",
      "integrity": "sha512-ohuFIsOMXJnbOMRfX7/w7LocdR6R7whhuRD4ax8IipLcLPlZGJKkBxgHp++U4N/vKyU16/YDQr2f5seajD3jIw==",
      "dev": true,
      "requires": {
        "@babel/helper-plugin-utils": "^7.14.5"
      }
    },
    "@babel/plugin-transform-react-display-name": {
      "version": "7.15.1",
      "resolved": "https://registry.npmjs.org/@babel/plugin-transform-react-display-name/-/plugin-transform-react-display-name-7.15.1.tgz",
      "integrity": "sha512-yQZ/i/pUCJAHI/LbtZr413S3VT26qNrEm0M5RRxQJA947/YNYwbZbBaXGDrq6CG5QsZycI1VIP6d7pQaBfP+8Q==",
      "dev": true,
      "requires": {
        "@babel/helper-plugin-utils": "^7.14.5"
      }
    },
    "@babel/plugin-transform-react-jsx": {
      "version": "7.14.9",
      "resolved": "https://registry.npmjs.org/@babel/plugin-transform-react-jsx/-/plugin-transform-react-jsx-7.14.9.tgz",
      "integrity": "sha512-30PeETvS+AeD1f58i1OVyoDlVYQhap/K20ZrMjLmmzmC2AYR/G43D4sdJAaDAqCD3MYpSWbmrz3kES158QSLjw==",
      "dev": true,
      "requires": {
        "@babel/helper-annotate-as-pure": "^7.14.5",
        "@babel/helper-module-imports": "^7.14.5",
        "@babel/helper-plugin-utils": "^7.14.5",
        "@babel/plugin-syntax-jsx": "^7.14.5",
        "@babel/types": "^7.14.9"
      }
    },
    "@babel/plugin-transform-react-jsx-development": {
      "version": "7.14.5",
      "resolved": "https://registry.npmjs.org/@babel/plugin-transform-react-jsx-development/-/plugin-transform-react-jsx-development-7.14.5.tgz",
      "integrity": "sha512-rdwG/9jC6QybWxVe2UVOa7q6cnTpw8JRRHOxntG/h6g/guAOe6AhtQHJuJh5FwmnXIT1bdm5vC2/5huV8ZOorQ==",
      "dev": true,
      "requires": {
        "@babel/plugin-transform-react-jsx": "^7.14.5"
      }
    },
    "@babel/plugin-transform-react-pure-annotations": {
      "version": "7.14.5",
      "resolved": "https://registry.npmjs.org/@babel/plugin-transform-react-pure-annotations/-/plugin-transform-react-pure-annotations-7.14.5.tgz",
      "integrity": "sha512-3X4HpBJimNxW4rhUy/SONPyNQHp5YRr0HhJdT2OH1BRp0of7u3Dkirc7x9FRJMKMqTBI079VZ1hzv7Ouuz///g==",
      "dev": true,
      "requires": {
        "@babel/helper-annotate-as-pure": "^7.14.5",
        "@babel/helper-plugin-utils": "^7.14.5"
      }
    },
    "@babel/preset-react": {
      "version": "7.14.5",
      "resolved": "https://registry.npmjs.org/@babel/preset-react/-/preset-react-7.14.5.tgz",
      "integrity": "sha512-XFxBkjyObLvBaAvkx1Ie95Iaq4S/GUEIrejyrntQ/VCMKUYvKLoyKxOBzJ2kjA3b6rC9/KL6KXfDC2GqvLiNqQ==",
      "dev": true,
      "requires": {
        "@babel/helper-plugin-utils": "^7.14.5",
        "@babel/helper-validator-option": "^7.14.5",
        "@babel/plugin-transform-react-display-name": "^7.14.5",
        "@babel/plugin-transform-react-jsx": "^7.14.5",
        "@babel/plugin-transform-react-jsx-development": "^7.14.5",
        "@babel/plugin-transform-react-pure-annotations": "^7.14.5"
      }
    },
    "@babel/types": {
      "version": "7.15.6",
      "resolved": "https://registry.npmjs.org/@babel/types/-/types-7.15.6.tgz",
      "integrity": "sha512-BPU+7QhqNjmWyDO0/vitH/CuhpV8ZmK1wpKva8nuyNF5MJfuRNWMc+hc14+u9xT93kvykMdncrJT19h74uB1Ig==",
      "dev": true,
      "requires": {
        "@babel/helper-validator-identifier": "^7.14.9",
        "to-fast-properties": "^2.0.0"
      }
    },
    "@merkur/core": {
      "version": "0.27.0",
      "resolved": "https://registry.npmjs.org/@merkur/core/-/core-0.27.0.tgz",
      "integrity": "sha512-Ga5w6mU1U3EA8NNcVJ9qVx8mLRpJpJSngG7R3cw4vZ6uHYVYzT0A37B7em7q0MjiPl2tuivGBToUbYof7wMCug==",
      "dev": true
    },
    "@merkur/integration": {
      "version": "0.27.0",
      "resolved": "https://registry.npmjs.org/@merkur/integration/-/integration-0.27.0.tgz",
      "integrity": "sha512-gGKsscWsSIk/P9aX1slyyj2Zj59gQjgRQG2cY6zrzuX6bMpajegBWBoiyy/QGG7ZskQLztA2BEYjc6aAgmOxcQ=="
    },
    "@merkur/plugin-component": {
      "version": "0.27.0",
      "resolved": "https://registry.npmjs.org/@merkur/plugin-component/-/plugin-component-0.27.0.tgz",
      "integrity": "sha512-olvoCot1nKL5H9I6NBs7Ao7+SxOdkEbTUNZ/85iewu93a6EcmU1mqzaiAyJdBqHE2Umupc2xgDQd5Gs12+G8fw==",
      "dev": true
    },
    "@merkur/plugin-event-emitter": {
      "version": "0.27.0",
      "resolved": "https://registry.npmjs.org/@merkur/plugin-event-emitter/-/plugin-event-emitter-0.27.0.tgz",
      "integrity": "sha512-KCu0Zg40k0OYPp4n37hrIwYpiGnJ0/5/x21NbAFumLlrKOWRLV//JbPz7RaNncBn8LwJ0DfcQElQ3kCp+HTbTg==",
      "dev": true
    },
    "@types/cheerio": {
      "version": "0.22.30",
      "resolved": "https://registry.npmjs.org/@types/cheerio/-/cheerio-0.22.30.tgz",
      "integrity": "sha512-t7ZVArWZlq3dFa9Yt33qFBQIK4CQd1Q3UJp0V+UhP6vgLWLM6Qug7vZuRSGXg45zXeB1Fm5X2vmBkEX58LV2Tw==",
      "dev": true,
      "requires": {
        "@types/node": "*"
      }
    },
    "@types/node": {
      "version": "16.10.2",
      "resolved": "https://registry.npmjs.org/@types/node/-/node-16.10.2.tgz",
      "integrity": "sha512-zCclL4/rx+W5SQTzFs9wyvvyCwoK9QtBpratqz2IYJ3O8Umrn0m3nsTv0wQBk9sRGpvUe9CwPDrQFB10f1FIjQ==",
      "dev": true
    },
    "airbnb-prop-types": {
      "version": "2.16.0",
      "resolved": "https://registry.npmjs.org/airbnb-prop-types/-/airbnb-prop-types-2.16.0.tgz",
      "integrity": "sha512-7WHOFolP/6cS96PhKNrslCLMYAI8yB1Pp6u6XmxozQOiZbsI5ycglZr5cHhBFfuRcQQjzCMith5ZPZdYiJCxUg==",
      "dev": true,
      "requires": {
        "array.prototype.find": "^2.1.1",
        "function.prototype.name": "^1.1.2",
        "is-regex": "^1.1.0",
        "object-is": "^1.1.2",
        "object.assign": "^4.1.0",
        "object.entries": "^1.1.2",
        "prop-types": "^15.7.2",
        "prop-types-exact": "^1.2.0",
        "react-is": "^16.13.1"
      }
    },
    "array.prototype.filter": {
      "version": "1.0.0",
      "resolved": "https://registry.npmjs.org/array.prototype.filter/-/array.prototype.filter-1.0.0.tgz",
      "integrity": "sha512-TfO1gz+tLm+Bswq0FBOXPqAchtCr2Rn48T8dLJoRFl8NoEosjZmzptmuo1X8aZBzZcqsR1W8U761tjACJtngTQ==",
      "dev": true,
      "requires": {
        "call-bind": "^1.0.2",
        "define-properties": "^1.1.3",
        "es-abstract": "^1.18.0",
        "es-array-method-boxes-properly": "^1.0.0",
        "is-string": "^1.0.5"
      }
    },
    "array.prototype.find": {
      "version": "2.1.1",
      "resolved": "https://registry.npmjs.org/array.prototype.find/-/array.prototype.find-2.1.1.tgz",
      "integrity": "sha512-mi+MYNJYLTx2eNYy+Yh6raoQacCsNeeMUaspFPh9Y141lFSsWxxB8V9mM2ye+eqiRs917J6/pJ4M9ZPzenWckA==",
      "dev": true,
      "requires": {
        "define-properties": "^1.1.3",
        "es-abstract": "^1.17.4"
      }
    },
    "array.prototype.flat": {
      "version": "1.2.4",
      "resolved": "https://registry.npmjs.org/array.prototype.flat/-/array.prototype.flat-1.2.4.tgz",
      "integrity": "sha512-4470Xi3GAPAjZqFcljX2xzckv1qeKPizoNkiS0+O4IoPR2ZNpcjE0pkhdihlDouK+x6QOast26B4Q/O9DJnwSg==",
      "dev": true,
      "requires": {
        "call-bind": "^1.0.0",
        "define-properties": "^1.1.3",
        "es-abstract": "^1.18.0-next.1"
      }
    },
    "boolbase": {
      "version": "1.0.0",
      "resolved": "https://registry.npmjs.org/boolbase/-/boolbase-1.0.0.tgz",
      "integrity": "sha1-aN/1++YMUes3cl6p4+0xDcwed24=",
      "dev": true
    },
    "call-bind": {
      "version": "1.0.2",
      "resolved": "https://registry.npmjs.org/call-bind/-/call-bind-1.0.2.tgz",
      "integrity": "sha512-7O+FbCihrB5WGbFYesctwmTKae6rOiIzmz1icreWJ+0aA7LJfuqhEso2T9ncpcFtzMQtzXf2QGGueWJGTYsqrA==",
      "dev": true,
      "requires": {
        "function-bind": "^1.1.1",
        "get-intrinsic": "^1.0.2"
      }
    },
    "cheerio": {
      "version": "1.0.0-rc.10",
      "resolved": "https://registry.npmjs.org/cheerio/-/cheerio-1.0.0-rc.10.tgz",
      "integrity": "sha512-g0J0q/O6mW8z5zxQ3A8E8J1hUgp4SMOvEoW/x84OwyHKe/Zccz83PVT4y5Crcr530FV6NgmKI1qvGTKVl9XXVw==",
      "dev": true,
      "requires": {
        "cheerio-select": "^1.5.0",
        "dom-serializer": "^1.3.2",
        "domhandler": "^4.2.0",
        "htmlparser2": "^6.1.0",
        "parse5": "^6.0.1",
        "parse5-htmlparser2-tree-adapter": "^6.0.1",
        "tslib": "^2.2.0"
      }
    },
    "cheerio-select": {
      "version": "1.5.0",
      "resolved": "https://registry.npmjs.org/cheerio-select/-/cheerio-select-1.5.0.tgz",
      "integrity": "sha512-qocaHPv5ypefh6YNxvnbABM07KMxExbtbfuJoIie3iZXX1ERwYmJcIiRrr9H05ucQP1k28dav8rpdDgjQd8drg==",
      "dev": true,
      "requires": {
        "css-select": "^4.1.3",
        "css-what": "^5.0.1",
        "domelementtype": "^2.2.0",
        "domhandler": "^4.2.0",
        "domutils": "^2.7.0"
      }
    },
    "commander": {
      "version": "2.20.3",
      "resolved": "https://registry.npmjs.org/commander/-/commander-2.20.3.tgz",
      "integrity": "sha512-GpVkmM8vF2vQUkj2LvZmD35JxeJOLCwJ9cUkugyk2nuhbv3+mJvpLYYt+0+USMxE+oj+ey/lJEnhZw75x/OMcQ==",
      "dev": true
    },
    "css-select": {
      "version": "4.1.3",
      "resolved": "https://registry.npmjs.org/css-select/-/css-select-4.1.3.tgz",
      "integrity": "sha512-gT3wBNd9Nj49rAbmtFHj1cljIAOLYSX1nZ8CB7TBO3INYckygm5B7LISU/szY//YmdiSLbJvDLOx9VnMVpMBxA==",
      "dev": true,
      "requires": {
        "boolbase": "^1.0.0",
        "css-what": "^5.0.0",
        "domhandler": "^4.2.0",
        "domutils": "^2.6.0",
        "nth-check": "^2.0.0"
      }
    },
    "css-what": {
      "version": "5.0.1",
      "resolved": "https://registry.npmjs.org/css-what/-/css-what-5.0.1.tgz",
      "integrity": "sha512-FYDTSHb/7KXsWICVsxdmiExPjCfRC4qRFBdVwv7Ax9hMnvMmEjP9RfxTEZ3qPZGmADDn2vAKSo9UcN1jKVYscg==",
      "dev": true
    },
    "define-properties": {
      "version": "1.1.3",
      "resolved": "https://registry.npmjs.org/define-properties/-/define-properties-1.1.3.tgz",
      "integrity": "sha512-3MqfYKj2lLzdMSf8ZIZE/V+Zuy+BgD6f164e8K2w7dgnpKArBDerGYpM46IYYcjnkdPNMjPk9A6VFB8+3SKlXQ==",
      "dev": true,
      "requires": {
        "object-keys": "^1.0.12"
      }
    },
    "discontinuous-range": {
      "version": "1.0.0",
      "resolved": "https://registry.npmjs.org/discontinuous-range/-/discontinuous-range-1.0.0.tgz",
      "integrity": "sha1-44Mx8IRLukm5qctxx3FYWqsbxlo=",
      "dev": true
    },
    "dom-serializer": {
      "version": "1.3.2",
      "resolved": "https://registry.npmjs.org/dom-serializer/-/dom-serializer-1.3.2.tgz",
      "integrity": "sha512-5c54Bk5Dw4qAxNOI1pFEizPSjVsx5+bpJKmL2kPn8JhBUq2q09tTCa3mjijun2NfK78NMouDYNMBkOrPZiS+ig==",
      "dev": true,
      "requires": {
        "domelementtype": "^2.0.1",
        "domhandler": "^4.2.0",
        "entities": "^2.0.0"
      }
    },
    "domelementtype": {
      "version": "2.2.0",
      "resolved": "https://registry.npmjs.org/domelementtype/-/domelementtype-2.2.0.tgz",
      "integrity": "sha512-DtBMo82pv1dFtUmHyr48beiuq792Sxohr+8Hm9zoxklYPfa6n0Z3Byjj2IV7bmr2IyqClnqEQhfgHJJ5QF0R5A==",
      "dev": true
    },
    "domhandler": {
      "version": "4.2.2",
      "resolved": "https://registry.npmjs.org/domhandler/-/domhandler-4.2.2.tgz",
      "integrity": "sha512-PzE9aBMsdZO8TK4BnuJwH0QT41wgMbRzuZrHUcpYncEjmQazq8QEaBWgLG7ZyC/DAZKEgglpIA6j4Qn/HmxS3w==",
      "dev": true,
      "requires": {
        "domelementtype": "^2.2.0"
      }
    },
    "domutils": {
      "version": "2.8.0",
      "resolved": "https://registry.npmjs.org/domutils/-/domutils-2.8.0.tgz",
      "integrity": "sha512-w96Cjofp72M5IIhpjgobBimYEfoPjx1Vx0BSX9P30WBdZW2WIKU0T1Bd0kz2eNZ9ikjKgHbEyKx8BB6H1L3h3A==",
      "dev": true,
      "requires": {
        "dom-serializer": "^1.0.1",
        "domelementtype": "^2.2.0",
        "domhandler": "^4.2.0"
      }
    },
    "entities": {
      "version": "2.2.0",
      "resolved": "https://registry.npmjs.org/entities/-/entities-2.2.0.tgz",
      "integrity": "sha512-p92if5Nz619I0w+akJrLZH0MX0Pb5DX39XOwQTtXSdQQOaYH03S1uIQp4mhOZtAXrxq4ViO67YTiLBo2638o9A==",
      "dev": true
    },
    "enzyme": {
      "version": "3.11.0",
      "resolved": "https://registry.npmjs.org/enzyme/-/enzyme-3.11.0.tgz",
      "integrity": "sha512-Dw8/Gs4vRjxY6/6i9wU0V+utmQO9kvh9XLnz3LIudviOnVYDEe2ec+0k+NQoMamn1VrjKgCUOWj5jG/5M5M0Qw==",
      "dev": true,
      "requires": {
        "array.prototype.flat": "^1.2.3",
        "cheerio": "^1.0.0-rc.3",
        "enzyme-shallow-equal": "^1.0.1",
        "function.prototype.name": "^1.1.2",
        "has": "^1.0.3",
        "html-element-map": "^1.2.0",
        "is-boolean-object": "^1.0.1",
        "is-callable": "^1.1.5",
        "is-number-object": "^1.0.4",
        "is-regex": "^1.0.5",
        "is-string": "^1.0.5",
        "is-subset": "^0.1.1",
        "lodash.escape": "^4.0.1",
        "lodash.isequal": "^4.5.0",
        "object-inspect": "^1.7.0",
        "object-is": "^1.0.2",
        "object.assign": "^4.1.0",
        "object.entries": "^1.1.1",
        "object.values": "^1.1.1",
        "raf": "^3.4.1",
        "rst-selector-parser": "^2.2.3",
        "string.prototype.trim": "^1.2.1"
      }
    },
    "enzyme-adapter-react-16": {
      "version": "1.15.6",
      "resolved": "https://registry.npmjs.org/enzyme-adapter-react-16/-/enzyme-adapter-react-16-1.15.6.tgz",
      "integrity": "sha512-yFlVJCXh8T+mcQo8M6my9sPgeGzj85HSHi6Apgf1Cvq/7EL/J9+1JoJmJsRxZgyTvPMAqOEpRSu/Ii/ZpyOk0g==",
      "dev": true,
      "requires": {
        "enzyme-adapter-utils": "^1.14.0",
        "enzyme-shallow-equal": "^1.0.4",
        "has": "^1.0.3",
        "object.assign": "^4.1.2",
        "object.values": "^1.1.2",
        "prop-types": "^15.7.2",
        "react-is": "^16.13.1",
        "react-test-renderer": "^16.0.0-0",
        "semver": "^5.7.0"
      }
    },
    "enzyme-adapter-utils": {
      "version": "1.14.0",
      "resolved": "https://registry.npmjs.org/enzyme-adapter-utils/-/enzyme-adapter-utils-1.14.0.tgz",
      "integrity": "sha512-F/z/7SeLt+reKFcb7597IThpDp0bmzcH1E9Oabqv+o01cID2/YInlqHbFl7HzWBl4h3OdZYedtwNDOmSKkk0bg==",
      "dev": true,
      "requires": {
        "airbnb-prop-types": "^2.16.0",
        "function.prototype.name": "^1.1.3",
        "has": "^1.0.3",
        "object.assign": "^4.1.2",
        "object.fromentries": "^2.0.3",
        "prop-types": "^15.7.2",
        "semver": "^5.7.1"
      }
    },
    "enzyme-shallow-equal": {
      "version": "1.0.4",
      "resolved": "https://registry.npmjs.org/enzyme-shallow-equal/-/enzyme-shallow-equal-1.0.4.tgz",
      "integrity": "sha512-MttIwB8kKxypwHvRynuC3ahyNc+cFbR8mjVIltnmzQ0uKGqmsfO4bfBuLxb0beLNPhjblUEYvEbsg+VSygvF1Q==",
      "dev": true,
      "requires": {
        "has": "^1.0.3",
        "object-is": "^1.1.2"
      }
    },
    "enzyme-to-json": {
      "version": "3.6.2",
      "resolved": "https://registry.npmjs.org/enzyme-to-json/-/enzyme-to-json-3.6.2.tgz",
      "integrity": "sha512-Ynm6Z6R6iwQ0g2g1YToz6DWhxVnt8Dy1ijR2zynRKxTyBGA8rCDXU3rs2Qc4OKvUvc2Qoe1bcFK6bnPs20TrTg==",
      "dev": true,
      "requires": {
        "@types/cheerio": "^0.22.22",
        "lodash": "^4.17.21",
        "react-is": "^16.12.0"
      }
    },
    "es-abstract": {
      "version": "1.18.7",
      "resolved": "https://registry.npmjs.org/es-abstract/-/es-abstract-1.18.7.tgz",
      "integrity": "sha512-uFG1gyVX91tZIiDWNmPsL8XNpiCk/6tkB7MZphoSJflS4w+KgWyQ2gjCVDnsPxFAo9WjRXG3eqONNYdfbJjAtw==",
      "dev": true,
      "requires": {
        "call-bind": "^1.0.2",
        "es-to-primitive": "^1.2.1",
        "function-bind": "^1.1.1",
        "get-intrinsic": "^1.1.1",
        "get-symbol-description": "^1.0.0",
        "has": "^1.0.3",
        "has-symbols": "^1.0.2",
        "internal-slot": "^1.0.3",
        "is-callable": "^1.2.4",
        "is-negative-zero": "^2.0.1",
        "is-regex": "^1.1.4",
        "is-string": "^1.0.7",
        "object-inspect": "^1.11.0",
        "object-keys": "^1.1.1",
        "object.assign": "^4.1.2",
        "string.prototype.trimend": "^1.0.4",
        "string.prototype.trimstart": "^1.0.4",
        "unbox-primitive": "^1.0.1"
      }
    },
    "es-array-method-boxes-properly": {
      "version": "1.0.0",
      "resolved": "https://registry.npmjs.org/es-array-method-boxes-properly/-/es-array-method-boxes-properly-1.0.0.tgz",
      "integrity": "sha512-wd6JXUmyHmt8T5a2xreUwKcGPq6f1f+WwIJkijUqiGcJz1qqnZgP6XIK+QyIWU5lT7imeNxUll48bziG+TSYcA==",
      "dev": true
    },
    "es-to-primitive": {
      "version": "1.2.1",
      "resolved": "https://registry.npmjs.org/es-to-primitive/-/es-to-primitive-1.2.1.tgz",
      "integrity": "sha512-QCOllgZJtaUo9miYBcLChTUaHNjJF3PYs1VidD7AwiEj1kYxKeQTctLAezAOH5ZKRH0g2IgPn6KwB4IT8iRpvA==",
      "dev": true,
      "requires": {
        "is-callable": "^1.1.4",
        "is-date-object": "^1.0.1",
        "is-symbol": "^1.0.2"
      }
    },
    "fsevents": {
      "version": "2.3.2",
      "resolved": "https://registry.npmjs.org/fsevents/-/fsevents-2.3.2.tgz",
      "integrity": "sha512-xiqMQR4xAeHTuB9uWm+fFRcIOgKBMiOBP+eXiyT7jsgVCq1bkVygt00oASowB7EdtpOHaaPgKt812P9ab+DDKA==",
      "dev": true,
      "optional": true
    },
    "function-bind": {
      "version": "1.1.1",
      "resolved": "https://registry.npmjs.org/function-bind/-/function-bind-1.1.1.tgz",
      "integrity": "sha512-yIovAzMX49sF8Yl58fSCWJ5svSLuaibPxXQJFLmBObTuCr0Mf1KiPopGM9NiFjiYBCbfaa2Fh6breQ6ANVTI0A==",
      "dev": true
    },
    "function.prototype.name": {
      "version": "1.1.4",
      "resolved": "https://registry.npmjs.org/function.prototype.name/-/function.prototype.name-1.1.4.tgz",
      "integrity": "sha512-iqy1pIotY/RmhdFZygSSlW0wko2yxkSCKqsuv4pr8QESohpYyG/Z7B/XXvPRKTJS//960rgguE5mSRUsDdaJrQ==",
      "dev": true,
      "requires": {
        "call-bind": "^1.0.2",
        "define-properties": "^1.1.3",
        "es-abstract": "^1.18.0-next.2",
        "functions-have-names": "^1.2.2"
      }
    },
    "functions-have-names": {
      "version": "1.2.2",
      "resolved": "https://registry.npmjs.org/functions-have-names/-/functions-have-names-1.2.2.tgz",
      "integrity": "sha512-bLgc3asbWdwPbx2mNk2S49kmJCuQeu0nfmaOgbs8WIyzzkw3r4htszdIi9Q9EMezDPTYuJx2wvjZ/EwgAthpnA==",
      "dev": true
    },
    "get-intrinsic": {
      "version": "1.1.1",
      "resolved": "https://registry.npmjs.org/get-intrinsic/-/get-intrinsic-1.1.1.tgz",
      "integrity": "sha512-kWZrnVM42QCiEA2Ig1bG8zjoIMOgxWwYCEeNdwY6Tv/cOSeGpcoX4pXHfKUxNKVoArnrEr2e9srnAxxGIraS9Q==",
      "dev": true,
      "requires": {
        "function-bind": "^1.1.1",
        "has": "^1.0.3",
        "has-symbols": "^1.0.1"
      }
    },
    "get-symbol-description": {
      "version": "1.0.0",
      "resolved": "https://registry.npmjs.org/get-symbol-description/-/get-symbol-description-1.0.0.tgz",
      "integrity": "sha512-2EmdH1YvIQiZpltCNgkuiUnyukzxM/R6NDJX31Ke3BG1Nq5b0S2PhX59UKi9vZpPDQVdqn+1IcaAwnzTT5vCjw==",
      "dev": true,
      "requires": {
        "call-bind": "^1.0.2",
        "get-intrinsic": "^1.1.1"
      }
    },
    "has": {
      "version": "1.0.3",
      "resolved": "https://registry.npmjs.org/has/-/has-1.0.3.tgz",
      "integrity": "sha512-f2dvO0VU6Oej7RkWJGrehjbzMAjFp5/VKPp5tTpWIV4JHHZK1/BxbFRtf/siA2SWTe09caDmVtYYzWEIbBS4zw==",
      "dev": true,
      "requires": {
        "function-bind": "^1.1.1"
      }
    },
    "has-bigints": {
      "version": "1.0.1",
      "resolved": "https://registry.npmjs.org/has-bigints/-/has-bigints-1.0.1.tgz",
      "integrity": "sha512-LSBS2LjbNBTf6287JEbEzvJgftkF5qFkmCo9hDRpAzKhUOlJ+hx8dd4USs00SgsUNwc4617J9ki5YtEClM2ffA==",
      "dev": true
    },
    "has-symbols": {
      "version": "1.0.2",
      "resolved": "https://registry.npmjs.org/has-symbols/-/has-symbols-1.0.2.tgz",
      "integrity": "sha512-chXa79rL/UC2KlX17jo3vRGz0azaWEx5tGqZg5pO3NUyEJVB17dMruQlzCCOfUvElghKcm5194+BCRvi2Rv/Gw==",
      "dev": true
    },
    "has-tostringtag": {
      "version": "1.0.0",
      "resolved": "https://registry.npmjs.org/has-tostringtag/-/has-tostringtag-1.0.0.tgz",
      "integrity": "sha512-kFjcSNhnlGV1kyoGk7OXKSawH5JOb/LzUc5w9B02hOTO0dfFRjbHQKvg1d6cf3HbeUmtU9VbbV3qzZ2Teh97WQ==",
      "dev": true,
      "requires": {
        "has-symbols": "^1.0.2"
      }
    },
    "html-element-map": {
      "version": "1.3.1",
      "resolved": "https://registry.npmjs.org/html-element-map/-/html-element-map-1.3.1.tgz",
      "integrity": "sha512-6XMlxrAFX4UEEGxctfFnmrFaaZFNf9i5fNuV5wZ3WWQ4FVaNP1aX1LkX9j2mfEx1NpjeE/rL3nmgEn23GdFmrg==",
      "dev": true,
      "requires": {
        "array.prototype.filter": "^1.0.0",
        "call-bind": "^1.0.2"
      }
    },
    "htmlparser2": {
      "version": "6.1.0",
      "resolved": "https://registry.npmjs.org/htmlparser2/-/htmlparser2-6.1.0.tgz",
      "integrity": "sha512-gyyPk6rgonLFEDGoeRgQNaEUvdJ4ktTmmUh/h2t7s+M8oPpIPxgNACWa+6ESR57kXstwqPiCut0V8NRpcwgU7A==",
      "dev": true,
      "requires": {
        "domelementtype": "^2.0.1",
        "domhandler": "^4.0.0",
        "domutils": "^2.5.2",
        "entities": "^2.0.0"
      }
    },
    "internal-slot": {
      "version": "1.0.3",
      "resolved": "https://registry.npmjs.org/internal-slot/-/internal-slot-1.0.3.tgz",
      "integrity": "sha512-O0DB1JC/sPyZl7cIo78n5dR7eUSwwpYPiXRhTzNxZVAMUuB8vlnRFyLxdrVToks6XPLVnFfbzaVd5WLjhgg+vA==",
      "dev": true,
      "requires": {
        "get-intrinsic": "^1.1.0",
        "has": "^1.0.3",
        "side-channel": "^1.0.4"
      }
    },
    "is-bigint": {
      "version": "1.0.4",
      "resolved": "https://registry.npmjs.org/is-bigint/-/is-bigint-1.0.4.tgz",
      "integrity": "sha512-zB9CruMamjym81i2JZ3UMn54PKGsQzsJeo6xvN3HJJ4CAsQNB6iRutp2To77OfCNuoxspsIhzaPoO1zyCEhFOg==",
      "dev": true,
      "requires": {
        "has-bigints": "^1.0.1"
      }
    },
    "is-boolean-object": {
      "version": "1.1.2",
      "resolved": "https://registry.npmjs.org/is-boolean-object/-/is-boolean-object-1.1.2.tgz",
      "integrity": "sha512-gDYaKHJmnj4aWxyj6YHyXVpdQawtVLHU5cb+eztPGczf6cjuTdwve5ZIEfgXqH4e57An1D1AKf8CZ3kYrQRqYA==",
      "dev": true,
      "requires": {
        "call-bind": "^1.0.2",
        "has-tostringtag": "^1.0.0"
      }
    },
    "is-callable": {
      "version": "1.2.4",
      "resolved": "https://registry.npmjs.org/is-callable/-/is-callable-1.2.4.tgz",
      "integrity": "sha512-nsuwtxZfMX67Oryl9LCQ+upnC0Z0BgpwntpS89m1H/TLF0zNfzfLMV/9Wa/6MZsj0acpEjAO0KF1xT6ZdLl95w==",
      "dev": true
    },
    "is-date-object": {
      "version": "1.0.5",
      "resolved": "https://registry.npmjs.org/is-date-object/-/is-date-object-1.0.5.tgz",
      "integrity": "sha512-9YQaSxsAiSwcvS33MBk3wTCVnWK+HhF8VZR2jRxehM16QcVOdHqPn4VPHmRK4lSr38n9JriurInLcP90xsYNfQ==",
      "dev": true,
      "requires": {
        "has-tostringtag": "^1.0.0"
      }
    },
    "is-negative-zero": {
      "version": "2.0.1",
      "resolved": "https://registry.npmjs.org/is-negative-zero/-/is-negative-zero-2.0.1.tgz",
      "integrity": "sha512-2z6JzQvZRa9A2Y7xC6dQQm4FSTSTNWjKIYYTt4246eMTJmIo0Q+ZyOsU66X8lxK1AbB92dFeglPLrhwpeRKO6w==",
      "dev": true
    },
    "is-number-object": {
      "version": "1.0.6",
      "resolved": "https://registry.npmjs.org/is-number-object/-/is-number-object-1.0.6.tgz",
      "integrity": "sha512-bEVOqiRcvo3zO1+G2lVMy+gkkEm9Yh7cDMRusKKu5ZJKPUYSJwICTKZrNKHA2EbSP0Tu0+6B/emsYNHZyn6K8g==",
      "dev": true,
      "requires": {
        "has-tostringtag": "^1.0.0"
      }
    },
    "is-regex": {
      "version": "1.1.4",
      "resolved": "https://registry.npmjs.org/is-regex/-/is-regex-1.1.4.tgz",
      "integrity": "sha512-kvRdxDsxZjhzUX07ZnLydzS1TU/TJlTUHHY4YLL87e37oUA49DfkLqgy+VjFocowy29cKvcSiu+kIv728jTTVg==",
      "dev": true,
      "requires": {
        "call-bind": "^1.0.2",
        "has-tostringtag": "^1.0.0"
      }
    },
    "is-string": {
      "version": "1.0.7",
      "resolved": "https://registry.npmjs.org/is-string/-/is-string-1.0.7.tgz",
      "integrity": "sha512-tE2UXzivje6ofPW7l23cjDOMa09gb7xlAqG6jG5ej6uPV32TlWP3NKPigtaGeHNu9fohccRYvIiZMfOOnOYUtg==",
      "dev": true,
      "requires": {
        "has-tostringtag": "^1.0.0"
      }
    },
    "is-subset": {
      "version": "0.1.1",
      "resolved": "https://registry.npmjs.org/is-subset/-/is-subset-0.1.1.tgz",
      "integrity": "sha1-ilkRfZMt4d4A8kX83TnOQ/HpOaY=",
      "dev": true
    },
    "is-symbol": {
      "version": "1.0.4",
      "resolved": "https://registry.npmjs.org/is-symbol/-/is-symbol-1.0.4.tgz",
      "integrity": "sha512-C/CPBqKWnvdcxqIARxyOh4v1UUEOCHpgDa0WYgpKDFMszcrPcffg5uhwSgPCLD2WWxmq6isisz87tzT01tuGhg==",
      "dev": true,
      "requires": {
        "has-symbols": "^1.0.2"
      }
    },
    "js-tokens": {
      "version": "4.0.0",
      "resolved": "https://registry.npmjs.org/js-tokens/-/js-tokens-4.0.0.tgz",
      "integrity": "sha512-RdJUflcE3cUzKiMqQgsCu06FPu9UdIJO0beYbPhHN4k6apgJtifcoCtT9bcxOpYBtpD2kCM6Sbzg4CausW/PKQ==",
      "dev": true
    },
    "lodash": {
      "version": "4.17.21",
      "resolved": "https://registry.npmjs.org/lodash/-/lodash-4.17.21.tgz",
      "integrity": "sha512-v2kDEe57lecTulaDIuNTPy3Ry4gLGJ6Z1O3vE1krgXZNrsQ+LFTGHVxVjcXPs17LhbZVGedAJv8XZ1tvj5FvSg==",
      "dev": true
    },
    "lodash.escape": {
      "version": "4.0.1",
      "resolved": "https://registry.npmjs.org/lodash.escape/-/lodash.escape-4.0.1.tgz",
      "integrity": "sha1-yQRGkMIeBClL6qUXcS/e0fqI3pg=",
      "dev": true
    },
    "lodash.flattendeep": {
      "version": "4.4.0",
      "resolved": "https://registry.npmjs.org/lodash.flattendeep/-/lodash.flattendeep-4.4.0.tgz",
      "integrity": "sha1-+wMJF/hqMTTlvJvsDWngAT3f7bI=",
      "dev": true
    },
    "lodash.isequal": {
      "version": "4.5.0",
      "resolved": "https://registry.npmjs.org/lodash.isequal/-/lodash.isequal-4.5.0.tgz",
      "integrity": "sha1-QVxEePK8wwEgwizhDtMib30+GOA=",
      "dev": true
    },
    "loose-envify": {
      "version": "1.4.0",
      "resolved": "https://registry.npmjs.org/loose-envify/-/loose-envify-1.4.0.tgz",
      "integrity": "sha512-lyuxPGr/Wfhrlem2CL/UcnUc1zcqKAImBDzukY7Y5F/yQiNdko6+fRLevlw1HgMySw7f611UIY408EtxRSoK3Q==",
      "dev": true,
      "requires": {
        "js-tokens": "^3.0.0 || ^4.0.0"
      }
    },
    "moo": {
      "version": "0.5.1",
      "resolved": "https://registry.npmjs.org/moo/-/moo-0.5.1.tgz",
      "integrity": "sha512-I1mnb5xn4fO80BH9BLcF0yLypy2UKl+Cb01Fu0hJRkJjlCRtxZMWkTdAtDd5ZqCOxtCkhmRwyI57vWT+1iZ67w==",
      "dev": true
    },
    "nearley": {
      "version": "2.20.1",
      "resolved": "https://registry.npmjs.org/nearley/-/nearley-2.20.1.tgz",
      "integrity": "sha512-+Mc8UaAebFzgV+KpI5n7DasuuQCHA89dmwm7JXw3TV43ukfNQ9DnBH3Mdb2g/I4Fdxc26pwimBWvjIw0UAILSQ==",
      "dev": true,
      "requires": {
        "commander": "^2.19.0",
        "moo": "^0.5.0",
        "railroad-diagrams": "^1.0.0",
        "randexp": "0.4.6"
      }
    },
    "nth-check": {
      "version": "2.0.1",
      "resolved": "https://registry.npmjs.org/nth-check/-/nth-check-2.0.1.tgz",
      "integrity": "sha512-it1vE95zF6dTT9lBsYbxvqh0Soy4SPowchj0UBGj/V6cTPnXXtQOPUbhZ6CmGzAD/rW22LQK6E96pcdJXk4A4w==",
      "dev": true,
      "requires": {
        "boolbase": "^1.0.0"
      }
    },
    "object-assign": {
      "version": "4.1.1",
      "resolved": "https://registry.npmjs.org/object-assign/-/object-assign-4.1.1.tgz",
      "integrity": "sha1-IQmtx5ZYh8/AXLvUQsrIv7s2CGM=",
      "dev": true
    },
    "object-inspect": {
      "version": "1.11.0",
      "resolved": "https://registry.npmjs.org/object-inspect/-/object-inspect-1.11.0.tgz",
      "integrity": "sha512-jp7ikS6Sd3GxQfZJPyH3cjcbJF6GZPClgdV+EFygjFLQ5FmW/dRUnTd9PQ9k0JhoNDabWFbpF1yCdSWCC6gexg==",
      "dev": true
    },
    "object-is": {
      "version": "1.1.5",
      "resolved": "https://registry.npmjs.org/object-is/-/object-is-1.1.5.tgz",
      "integrity": "sha512-3cyDsyHgtmi7I7DfSSI2LDp6SK2lwvtbg0p0R1e0RvTqF5ceGx+K2dfSjm1bKDMVCFEDAQvy+o8c6a7VujOddw==",
      "dev": true,
      "requires": {
        "call-bind": "^1.0.2",
        "define-properties": "^1.1.3"
      }
    },
    "object-keys": {
      "version": "1.1.1",
      "resolved": "https://registry.npmjs.org/object-keys/-/object-keys-1.1.1.tgz",
      "integrity": "sha512-NuAESUOUMrlIXOfHKzD6bpPu3tYt3xvjNdRIQ+FeT0lNb4K8WR70CaDxhuNguS2XG+GjkyMwOzsN5ZktImfhLA==",
      "dev": true
    },
    "object.assign": {
      "version": "4.1.2",
      "resolved": "https://registry.npmjs.org/object.assign/-/object.assign-4.1.2.tgz",
      "integrity": "sha512-ixT2L5THXsApyiUPYKmW+2EHpXXe5Ii3M+f4e+aJFAHao5amFRW6J0OO6c/LU8Be47utCx2GL89hxGB6XSmKuQ==",
      "dev": true,
      "requires": {
        "call-bind": "^1.0.0",
        "define-properties": "^1.1.3",
        "has-symbols": "^1.0.1",
        "object-keys": "^1.1.1"
      }
    },
    "object.entries": {
      "version": "1.1.4",
      "resolved": "https://registry.npmjs.org/object.entries/-/object.entries-1.1.4.tgz",
      "integrity": "sha512-h4LWKWE+wKQGhtMjZEBud7uLGhqyLwj8fpHOarZhD2uY3C9cRtk57VQ89ke3moByLXMedqs3XCHzyb4AmA2DjA==",
      "dev": true,
      "requires": {
        "call-bind": "^1.0.2",
        "define-properties": "^1.1.3",
        "es-abstract": "^1.18.2"
      }
    },
    "object.fromentries": {
      "version": "2.0.4",
      "resolved": "https://registry.npmjs.org/object.fromentries/-/object.fromentries-2.0.4.tgz",
      "integrity": "sha512-EsFBshs5RUUpQEY1D4q/m59kMfz4YJvxuNCJcv/jWwOJr34EaVnG11ZrZa0UHB3wnzV1wx8m58T4hQL8IuNXlQ==",
      "dev": true,
      "requires": {
        "call-bind": "^1.0.2",
        "define-properties": "^1.1.3",
        "es-abstract": "^1.18.0-next.2",
        "has": "^1.0.3"
      }
    },
    "object.values": {
      "version": "1.1.4",
      "resolved": "https://registry.npmjs.org/object.values/-/object.values-1.1.4.tgz",
      "integrity": "sha512-TnGo7j4XSnKQoK3MfvkzqKCi0nVe/D9I9IjwTNYdb/fxYHpjrluHVOgw0AF6jrRFGMPHdfuidR09tIDiIvnaSg==",
      "dev": true,
      "requires": {
        "call-bind": "^1.0.2",
        "define-properties": "^1.1.3",
        "es-abstract": "^1.18.2"
      }
    },
    "parse5": {
      "version": "6.0.1",
      "resolved": "https://registry.npmjs.org/parse5/-/parse5-6.0.1.tgz",
      "integrity": "sha512-Ofn/CTFzRGTTxwpNEs9PP93gXShHcTq255nzRYSKe8AkVpZY7e1fpmTfOyoIvjP5HG7Z2ZM7VS9PPhQGW2pOpw==",
      "dev": true
    },
    "parse5-htmlparser2-tree-adapter": {
      "version": "6.0.1",
      "resolved": "https://registry.npmjs.org/parse5-htmlparser2-tree-adapter/-/parse5-htmlparser2-tree-adapter-6.0.1.tgz",
      "integrity": "sha512-qPuWvbLgvDGilKc5BoicRovlT4MtYT6JfJyBOMDsKoiT+GiuP5qyrPCnR9HcPECIJJmZh5jRndyNThnhhb/vlA==",
      "dev": true,
      "requires": {
        "parse5": "^6.0.1"
      }
    },
    "performance-now": {
      "version": "2.1.0",
      "resolved": "https://registry.npmjs.org/performance-now/-/performance-now-2.1.0.tgz",
      "integrity": "sha1-Ywn04OX6kT7BxpMHrjZLSzd8nns=",
      "dev": true
    },
    "prop-types": {
      "version": "15.7.2",
      "resolved": "https://registry.npmjs.org/prop-types/-/prop-types-15.7.2.tgz",
      "integrity": "sha512-8QQikdH7//R2vurIJSutZ1smHYTcLpRWEOlHnzcWHmBYrOGUysKwSsrC89BCiFj3CbrfJ/nXFdJepOVrY1GCHQ==",
      "dev": true,
      "requires": {
        "loose-envify": "^1.4.0",
        "object-assign": "^4.1.1",
        "react-is": "^16.8.1"
      }
    },
    "prop-types-exact": {
      "version": "1.2.0",
      "resolved": "https://registry.npmjs.org/prop-types-exact/-/prop-types-exact-1.2.0.tgz",
      "integrity": "sha512-K+Tk3Kd9V0odiXFP9fwDHUYRyvK3Nun3GVyPapSIs5OBkITAm15W0CPFD/YKTkMUAbc0b9CUwRQp2ybiBIq+eA==",
      "dev": true,
      "requires": {
        "has": "^1.0.3",
        "object.assign": "^4.1.0",
        "reflect.ownkeys": "^0.2.0"
      }
    },
    "raf": {
      "version": "3.4.1",
      "resolved": "https://registry.npmjs.org/raf/-/raf-3.4.1.tgz",
      "integrity": "sha512-Sq4CW4QhwOHE8ucn6J34MqtZCeWFP2aQSmrlroYgqAV1PjStIhJXxYuTgUIfkEk7zTLjmIjLmU5q+fbD1NnOJA==",
      "dev": true,
      "requires": {
        "performance-now": "^2.1.0"
      }
    },
    "railroad-diagrams": {
      "version": "1.0.0",
      "resolved": "https://registry.npmjs.org/railroad-diagrams/-/railroad-diagrams-1.0.0.tgz",
      "integrity": "sha1-635iZ1SN3t+4mcG5Dlc3RVnN234=",
      "dev": true
    },
    "randexp": {
      "version": "0.4.6",
      "resolved": "https://registry.npmjs.org/randexp/-/randexp-0.4.6.tgz",
      "integrity": "sha512-80WNmd9DA0tmZrw9qQa62GPPWfuXJknrmVmLcxvq4uZBdYqb1wYoKTmnlGUchvVWe0XiLupYkBoXVOxz3C8DYQ==",
      "dev": true,
      "requires": {
        "discontinuous-range": "1.0.0",
        "ret": "~0.1.10"
      }
    },
    "react": {
      "version": "16.13.1",
      "resolved": "https://registry.npmjs.org/react/-/react-16.13.1.tgz",
      "integrity": "sha512-YMZQQq32xHLX0bz5Mnibv1/LHb3Sqzngu7xstSM+vrkE5Kzr9xE0yMByK5kMoTK30YVJE61WfbxIFFvfeDKT1w==",
      "dev": true,
      "requires": {
        "loose-envify": "^1.1.0",
        "object-assign": "^4.1.1",
        "prop-types": "^15.6.2"
      }
    },
    "react-dom": {
      "version": "16.13.1",
      "resolved": "https://registry.npmjs.org/react-dom/-/react-dom-16.13.1.tgz",
      "integrity": "sha512-81PIMmVLnCNLO/fFOQxdQkvEq/+Hfpv24XNJfpyZhTRfO0QcmQIF/PgCa1zCOj2w1hrn12MFLyaJ/G0+Mxtfag==",
      "dev": true,
      "requires": {
        "loose-envify": "^1.1.0",
        "object-assign": "^4.1.1",
        "prop-types": "^15.6.2",
        "scheduler": "^0.19.1"
      }
    },
    "react-is": {
      "version": "16.13.1",
      "resolved": "https://registry.npmjs.org/react-is/-/react-is-16.13.1.tgz",
      "integrity": "sha512-24e6ynE2H+OKt4kqsOvNd8kBpV65zoxbA4BVsEOB3ARVWQki/DHzaUoC5KuON/BiccDaCCTZBuOcfZs70kR8bQ==",
      "dev": true
    },
    "react-test-renderer": {
      "version": "16.14.0",
      "resolved": "https://registry.npmjs.org/react-test-renderer/-/react-test-renderer-16.14.0.tgz",
      "integrity": "sha512-L8yPjqPE5CZO6rKsKXRO/rVPiaCOy0tQQJbC+UjPNlobl5mad59lvPjwFsQHTvL03caVDIVr9x9/OSgDe6I5Eg==",
      "dev": true,
      "requires": {
        "object-assign": "^4.1.1",
        "prop-types": "^15.6.2",
        "react-is": "^16.8.6",
        "scheduler": "^0.19.1"
      }
    },
    "reflect.ownkeys": {
      "version": "0.2.0",
      "resolved": "https://registry.npmjs.org/reflect.ownkeys/-/reflect.ownkeys-0.2.0.tgz",
      "integrity": "sha1-dJrO7H8/34tj+SegSAnpDFwLNGA=",
      "dev": true
    },
    "ret": {
      "version": "0.1.15",
      "resolved": "https://registry.npmjs.org/ret/-/ret-0.1.15.tgz",
      "integrity": "sha512-TTlYpa+OL+vMMNG24xSlQGEJ3B/RzEfUlLct7b5G/ytav+wPrplCpVMFuwzXbkecJrb6IYo1iFb0S9v37754mg==",
      "dev": true
    },
    "rollup": {
      "version": "2.57.0",
      "resolved": "https://registry.npmjs.org/rollup/-/rollup-2.57.0.tgz",
      "integrity": "sha512-bKQIh1rWKofRee6mv8SrF2HdP6pea5QkwBZSMImJysFj39gQuiV8MEPBjXOCpzk3wSYp63M2v2wkWBmFC8O/rg==",
      "dev": true,
      "requires": {
        "fsevents": "~2.3.2"
      }
    },
    "rst-selector-parser": {
      "version": "2.2.3",
      "resolved": "https://registry.npmjs.org/rst-selector-parser/-/rst-selector-parser-2.2.3.tgz",
      "integrity": "sha1-gbIw6i/MYGbInjRy3nlChdmwPZE=",
      "dev": true,
      "requires": {
        "lodash.flattendeep": "^4.4.0",
        "nearley": "^2.7.10"
      }
    },
    "scheduler": {
      "version": "0.19.1",
      "resolved": "https://registry.npmjs.org/scheduler/-/scheduler-0.19.1.tgz",
      "integrity": "sha512-n/zwRWRYSUj0/3g/otKDRPMh6qv2SYMWNq85IEa8iZyAv8od9zDYpGSnpBEjNgcMNq6Scbu5KfIPxNF72R/2EA==",
      "dev": true,
      "requires": {
        "loose-envify": "^1.1.0",
        "object-assign": "^4.1.1"
      }
    },
    "semver": {
      "version": "5.7.1",
      "resolved": "https://registry.npmjs.org/semver/-/semver-5.7.1.tgz",
      "integrity": "sha512-sauaDf/PZdVgrLTNYHRtpXa1iRiKcaebiKQ1BJdpQlWH2lCvexQdX55snPFyK7QzpudqbCI0qXFfOasHdyNDGQ==",
      "dev": true
    },
    "side-channel": {
      "version": "1.0.4",
      "resolved": "https://registry.npmjs.org/side-channel/-/side-channel-1.0.4.tgz",
      "integrity": "sha512-q5XPytqFEIKHkGdiMIrY10mvLRvnQh42/+GoBlFW3b2LXLE2xxJpZFdm94we0BaoV3RwJyGqg5wS7epxTv0Zvw==",
      "dev": true,
      "requires": {
        "call-bind": "^1.0.0",
        "get-intrinsic": "^1.0.2",
        "object-inspect": "^1.9.0"
      }
    },
    "string.prototype.trim": {
      "version": "1.2.4",
      "resolved": "https://registry.npmjs.org/string.prototype.trim/-/string.prototype.trim-1.2.4.tgz",
      "integrity": "sha512-hWCk/iqf7lp0/AgTF7/ddO1IWtSNPASjlzCicV5irAVdE1grjsneK26YG6xACMBEdCvO8fUST0UzDMh/2Qy+9Q==",
      "dev": true,
      "requires": {
        "call-bind": "^1.0.2",
        "define-properties": "^1.1.3",
        "es-abstract": "^1.18.0-next.2"
      }
    },
    "string.prototype.trimend": {
      "version": "1.0.4",
      "resolved": "https://registry.npmjs.org/string.prototype.trimend/-/string.prototype.trimend-1.0.4.tgz",
      "integrity": "sha512-y9xCjw1P23Awk8EvTpcyL2NIr1j7wJ39f+k6lvRnSMz+mz9CGz9NYPelDk42kOz6+ql8xjfK8oYzy3jAP5QU5A==",
      "dev": true,
      "requires": {
        "call-bind": "^1.0.2",
        "define-properties": "^1.1.3"
      }
    },
    "string.prototype.trimstart": {
      "version": "1.0.4",
      "resolved": "https://registry.npmjs.org/string.prototype.trimstart/-/string.prototype.trimstart-1.0.4.tgz",
      "integrity": "sha512-jh6e984OBfvxS50tdY2nRZnoC5/mLFKOREQfw8t5yytkoUsJRNxvI/E39qu1sD0OtWI3OC0XgKSmcWwziwYuZw==",
      "dev": true,
      "requires": {
        "call-bind": "^1.0.2",
        "define-properties": "^1.1.3"
      }
    },
    "to-fast-properties": {
      "version": "2.0.0",
      "resolved": "https://registry.npmjs.org/to-fast-properties/-/to-fast-properties-2.0.0.tgz",
      "integrity": "sha1-3F5pjL0HkmW8c+A3doGk5Og/YW4=",
      "dev": true
    },
    "tslib": {
      "version": "2.3.1",
      "resolved": "https://registry.npmjs.org/tslib/-/tslib-2.3.1.tgz",
      "integrity": "sha512-77EbyPPpMz+FRFRuAFlWMtmgUWGe9UOG2Z25NqCwiIjRhOf5iKGuzSe5P2w1laq+FkRy4p+PCuVkJSGkzTEKVw==",
      "dev": true
    },
    "unbox-primitive": {
      "version": "1.0.1",
      "resolved": "https://registry.npmjs.org/unbox-primitive/-/unbox-primitive-1.0.1.tgz",
      "integrity": "sha512-tZU/3NqK3dA5gpE1KtyiJUrEB0lxnGkMFHptJ7q6ewdZ8s12QrODwNbhIJStmJkd1QDXa1NRA8aF2A1zk/Ypyw==",
      "dev": true,
      "requires": {
        "function-bind": "^1.1.1",
        "has-bigints": "^1.0.1",
        "has-symbols": "^1.0.2",
        "which-boxed-primitive": "^1.0.2"
      }
    },
    "which-boxed-primitive": {
      "version": "1.0.2",
      "resolved": "https://registry.npmjs.org/which-boxed-primitive/-/which-boxed-primitive-1.0.2.tgz",
      "integrity": "sha512-bwZdv0AKLpplFY2KZRX6TvyuN7ojjr7lwkg6ml0roIy9YeuSr7JS372qlNW18UQYzgYK9ziGcerWqZOmEn9VNg==",
      "dev": true,
      "requires": {
        "is-bigint": "^1.0.1",
        "is-boolean-object": "^1.1.0",
        "is-number-object": "^1.0.4",
        "is-string": "^1.0.5",
        "is-symbol": "^1.0.3"
      }
    }
  }
}
