{
  "name": "@merkur/plugin-router",
  "version": "0.14.0",
  "lockfileVersion": 1,
  "requires": true,
  "dependencies": {
    "@merkur/core": {
      "version": "0.13.0",
      "resolved": "https://registry.npmjs.org/@merkur/core/-/core-0.13.0.tgz",
      "integrity": "sha512-3kF/s2lNebD0r7eb1GKzyCNfIg2foGqoiNxR5xxn9G034FHkc+layBbwD8hGE5AqssBxsakWKLkpFKdgwynKcw==",
      "dev": true
    },
    "@merkur/plugin-component": {
      "version": "0.13.0",
      "resolved": "https://registry.npmjs.org/@merkur/plugin-component/-/plugin-component-0.13.0.tgz",
      "integrity": "sha512-QTwndz6rL0Q45aKAjEjRSQmxX2V0rHzDGhquLZSZUhCftPuI0Ov2yOFQMF6U989WIQVF6dqGovs9ML9H8GVaIA==",
      "dev": true
    },
    "@merkur/plugin-event-emitter": {
      "version": "0.13.0",
      "resolved": "https://registry.npmjs.org/@merkur/plugin-event-emitter/-/plugin-event-emitter-0.13.0.tgz",
      "integrity": "sha512-aVROmye9QJvtK9GPyQrFMP5IDd1eRO0mW8Imu8lnFBdzctuA74sFA36HTlNM1T0y75d8bkpsmXL5zlXqsN5ylw==",
      "dev": true
    },
    "fsevents": {
      "version": "2.1.3",
      "resolved": "https://registry.npmjs.org/fsevents/-/fsevents-2.1.3.tgz",
      "integrity": "sha512-Auw9a4AxqWpa9GUfj370BMPzzyncfBABW8Mab7BGWBYDj4Isgq+cDKtx0i6u9jcX9pQDnswsaaOTgTmA5pEjuQ==",
      "dev": true,
      "optional": true
    },
    "path-to-regexp": {
      "version": "6.1.0",
      "resolved": "https://registry.npmjs.org/path-to-regexp/-/path-to-regexp-6.1.0.tgz",
      "integrity": "sha512-h9DqehX3zZZDCEm+xbfU0ZmwCGFCAAraPJWMXJ4+v32NjZJilVg3k1TcKsRgIb8IQ/izZSaydDc1OhJCZvs2Dw=="
    },
    "rollup": {
      "version": "2.22.1",
      "resolved": "https://registry.npmjs.org/rollup/-/rollup-2.22.1.tgz",
      "integrity": "sha512-K9AUQUCJkVqC+A7uUDacfhmpEeAjc2uOmSpvGI5xaYsm8pXgy4ZWEM8wHPfKj11xvCwFZppkRDo8a0RESJXCnw==",
      "dev": true,
      "requires": {
        "fsevents": "~2.1.2"
      }
    },
    "universal-router": {
      "version": "9.0.1",
      "resolved": "https://registry.npmjs.org/universal-router/-/universal-router-9.0.1.tgz",
      "integrity": "sha512-cDKiUa0/XuEXVlbvngqW1gYaolq6/+hNakR291PostYaN5G7w6VOKfk3nIucHlX5MxFnvmSs9KsRgD+6pYwwzg==",
      "requires": {
        "path-to-regexp": "^6.1.0"
      }
    }
  }
}
