{
	"name": "@merkur/plugin-error",
	"version": "0.29.0",
	"lockfileVersion": 2,
	"requires": true,
	"packages": {
		"": {
			"name": "@merkur/plugin-error",
			"version": "0.27.6",
			"license": "ISC",
			"devDependencies": {
				"rollup": "^2.70.2"
			},
			"peerDependencies": {
				"@merkur/core": "*",
				"@merkur/plugin-component": "*"
			}
		},
		"node_modules/@merkur/core": {
			"version": "0.27.1",
			"resolved": "https://registry.npmjs.org/@merkur/core/-/core-0.27.1.tgz",
			"integrity": "sha512-oN5CuOhe6b7vwgLiPH0RWjFxE2yzuoSY2MNdBfHFnp61WUBYzQiXEvY3hfs161mZNjRERj9iCnNa7aORzGlJWQ==",
			"peer": true
		},
		"node_modules/@merkur/plugin-component": {
			"version": "0.27.1",
			"resolved": "https://registry.npmjs.org/@merkur/plugin-component/-/plugin-component-0.27.1.tgz",
			"integrity": "sha512-HlP4XoSSPxKMhJB24zISIdsSzNmSqTHznPXTj0s25uWrav+TtHfamZ9aescPMmPkoi5pGDNcc8RkQv/EUhV6FQ==",
			"peer": true,
			"peerDependencies": {
				"@merkur/core": "^0.24.1"
			}
		},
		"node_modules/fsevents": {
			"version": "2.3.2",
			"resolved": "https://registry.npmjs.org/fsevents/-/fsevents-2.3.2.tgz",
			"integrity": "sha512-xiqMQR4xAeHTuB9uWm+fFRcIOgKBMiOBP+eXiyT7jsgVCq1bkVygt00oASowB7EdtpOHaaPgKt812P9ab+DDKA==",
			"dev": true,
			"hasInstallScript": true,
			"optional": true,
			"os": [
				"darwin"
			],
			"engines": {
				"node": "^8.16.0 || ^10.6.0 || >=11.0.0"
			}
		},
		"node_modules/rollup": {
			"version": "2.70.2",
			"resolved": "https://registry.npmjs.org/rollup/-/rollup-2.70.2.tgz",
			"integrity": "sha512-EitogNZnfku65I1DD5Mxe8JYRUCy0hkK5X84IlDtUs+O6JRMpRciXTzyCUuX11b5L5pvjH+OmFXiQ3XjabcXgg==",
			"dev": true,
			"bin": {
				"rollup": "dist/bin/rollup"
			},
			"engines": {
				"node": ">=10.0.0"
			},
			"optionalDependencies": {
				"fsevents": "~2.3.2"
			}
		}
	},
	"dependencies": {
		"@merkur/core": {
			"version": "0.27.1",
			"resolved": "https://registry.npmjs.org/@merkur/core/-/core-0.27.1.tgz",
			"integrity": "sha512-oN5CuOhe6b7vwgLiPH0RWjFxE2yzuoSY2MNdBfHFnp61WUBYzQiXEvY3hfs161mZNjRERj9iCnNa7aORzGlJWQ==",
			"peer": true
		},
		"@merkur/plugin-component": {
			"version": "0.27.1",
			"resolved": "https://registry.npmjs.org/@merkur/plugin-component/-/plugin-component-0.27.1.tgz",
			"integrity": "sha512-HlP4XoSSPxKMhJB24zISIdsSzNmSqTHznPXTj0s25uWrav+TtHfamZ9aescPMmPkoi5pGDNcc8RkQv/EUhV6FQ==",
			"peer": true,
			"requires": {}
		},
		"fsevents": {
			"version": "2.3.2",
			"resolved": "https://registry.npmjs.org/fsevents/-/fsevents-2.3.2.tgz",
			"integrity": "sha512-xiqMQR4xAeHTuB9uWm+fFRcIOgKBMiOBP+eXiyT7jsgVCq1bkVygt00oASowB7EdtpOHaaPgKt812P9ab+DDKA==",
			"dev": true,
			"optional": true
		},
		"rollup": {
			"version": "2.70.2",
			"resolved": "https://registry.npmjs.org/rollup/-/rollup-2.70.2.tgz",
			"integrity": "sha512-EitogNZnfku65I1DD5Mxe8JYRUCy0hkK5X84IlDtUs+O6JRMpRciXTzyCUuX11b5L5pvjH+OmFXiQ3XjabcXgg==",
			"dev": true,
			"requires": {
				"fsevents": "~2.3.2"
			}
		}
	}
}
