{
  "name": "@merkur/plugin-router",
  "version": "0.15.0",
  "lockfileVersion": 1,
  "requires": true,
  "dependencies": {
    "@merkur/core": {
      "version": "0.14.0",
      "resolved": "https://registry.npmjs.org/@merkur/core/-/core-0.14.0.tgz",
      "integrity": "sha512-I75qpw6iFKYrReltKJKz6gP/kQ3LNomfKlgzC4Qr/rc13D/cA80sayESvbD/LbOU+Gk9QKCWUfwEubdP3J914Q==",
      "dev": true
    },
    "@merkur/plugin-component": {
      "version": "0.14.0",
      "resolved": "https://registry.npmjs.org/@merkur/plugin-component/-/plugin-component-0.14.0.tgz",
      "integrity": "sha512-M1IC7RSo8YdNL8qeI6An7UzhSB3VRA5LmGRqNT+swNIHAcNJ330nKInVysYho1kONCCRZE71bSEK55wSAvtjfw==",
      "dev": true
    },
    "@merkur/plugin-event-emitter": {
      "version": "0.14.0",
      "resolved": "https://registry.npmjs.org/@merkur/plugin-event-emitter/-/plugin-event-emitter-0.14.0.tgz",
      "integrity": "sha512-OhKHHsG1caghvQbyrSx15mPTwdKxa3StHvzVfIMtmZ5v1K7A0XyvZWiT14xaYz1yT2KPttoRca6PywSab6sTTQ==",
      "dev": true
    },
    "fsevents": {
      "version": "2.1.3",
      "resolved": "https://registry.npmjs.org/fsevents/-/fsevents-2.1.3.tgz",
      "integrity": "sha512-Auw9a4AxqWpa9GUfj370BMPzzyncfBABW8Mab7BGWBYDj4Isgq+cDKtx0i6u9jcX9pQDnswsaaOTgTmA5pEjuQ==",
      "dev": true,
      "optional": true
    },
    "path-to-regexp": {
      "version": "6.1.0",
      "resolved": "https://registry.npmjs.org/path-to-regexp/-/path-to-regexp-6.1.0.tgz",
      "integrity": "sha512-h9DqehX3zZZDCEm+xbfU0ZmwCGFCAAraPJWMXJ4+v32NjZJilVg3k1TcKsRgIb8IQ/izZSaydDc1OhJCZvs2Dw=="
    },
    "rollup": {
      "version": "2.23.0",
      "resolved": "https://registry.npmjs.org/rollup/-/rollup-2.23.0.tgz",
      "integrity": "sha512-vLNmZFUGVwrnqNAJ/BvuLk1MtWzu4IuoqsH9UWK5AIdO3rt8/CSiJNvPvCIvfzrbNsqKbNzPAG1V2O4eTe2XZg==",
      "dev": true,
      "requires": {
        "fsevents": "~2.1.2"
      }
    },
    "universal-router": {
      "version": "9.0.1",
      "resolved": "https://registry.npmjs.org/universal-router/-/universal-router-9.0.1.tgz",
      "integrity": "sha512-cDKiUa0/XuEXVlbvngqW1gYaolq6/+hNakR291PostYaN5G7w6VOKfk3nIucHlX5MxFnvmSs9KsRgD+6pYwwzg==",
      "requires": {
        "path-to-regexp": "^6.1.0"
      }
    }
  }
}
