{
  "name": "@merkur/plugin-router",
  "version": "0.15.0",
  "lockfileVersion": 1,
  "requires": true,
  "dependencies": {
    "fsevents": {
      "version": "2.1.3",
      "resolved": "https://registry.npmjs.org/fsevents/-/fsevents-2.1.3.tgz",
      "integrity": "sha512-Auw9a4AxqWpa9GUfj370BMPzzyncfBABW8Mab7BGWBYDj4Isgq+cDKtx0i6u9jcX9pQDnswsaaOTgTmA5pEjuQ==",
      "dev": true,
      "optional": true
    },
    "path-to-regexp": {
      "version": "6.1.0",
      "resolved": "https://registry.npmjs.org/path-to-regexp/-/path-to-regexp-6.1.0.tgz",
      "integrity": "sha512-h9DqehX3zZZDCEm+xbfU0ZmwCGFCAAraPJWMXJ4+v32NjZJilVg3k1TcKsRgIb8IQ/izZSaydDc1OhJCZvs2Dw=="
    },
    "rollup": {
      "version": "2.25.0",
      "resolved": "https://registry.npmjs.org/rollup/-/rollup-2.25.0.tgz",
      "integrity": "sha512-S+OzytEaqcLugXAqesmJMb1Q16I6h1ps8F3AOX7yMZ1OkkuOATJH/x2lqJJtjQo2/d+0J4j62M2RbvgmxvOuCw==",
      "dev": true,
      "requires": {
        "fsevents": "~2.1.2"
      }
    },
    "universal-router": {
      "version": "9.0.1",
      "resolved": "https://registry.npmjs.org/universal-router/-/universal-router-9.0.1.tgz",
      "integrity": "sha512-cDKiUa0/XuEXVlbvngqW1gYaolq6/+hNakR291PostYaN5G7w6VOKfk3nIucHlX5MxFnvmSs9KsRgD+6pYwwzg==",
      "requires": {
        "path-to-regexp": "^6.1.0"
      }
    }
  }
}
