{
  "name": "@merkur/plugin-router",
  "version": "0.24.1",
  "lockfileVersion": 1,
  "requires": true,
  "dependencies": {
    "@merkur/core": {
      "version": "0.24.0",
      "resolved": "https://registry.npmjs.org/@merkur/core/-/core-0.24.0.tgz",
      "integrity": "sha512-2YBWQV5CUyW6vOLHMqNd6qUHKebrTCObPYCEEwANL/4X2NAKi2jvbKv495iKJLtrFsEXyymRYbScsRx0tAOEkw==",
      "dev": true
    },
    "@merkur/plugin-component": {
      "version": "0.24.0",
      "resolved": "https://registry.npmjs.org/@merkur/plugin-component/-/plugin-component-0.24.0.tgz",
      "integrity": "sha512-Pktujq6G6rYPvOaeC9GrXY9T+lfoyZTVY3BulBPwk8ujZ0fYQn/lelFV4C8CLxbfFqbqUzXB+kxFbqYJonJhGw==",
      "dev": true
    },
    "@merkur/plugin-event-emitter": {
      "version": "0.24.0",
      "resolved": "https://registry.npmjs.org/@merkur/plugin-event-emitter/-/plugin-event-emitter-0.24.0.tgz",
      "integrity": "sha512-LhMBMW6/16PMyTZ0hRNIl7MhYzBvwZFBeE5jssgDxHA1PPxKPFVFfvewuMLAGKLjy74Dk/jZFRLsRIifh//tNA==",
      "dev": true
    },
    "fsevents": {
      "version": "2.3.2",
      "resolved": "https://registry.npmjs.org/fsevents/-/fsevents-2.3.2.tgz",
      "integrity": "sha512-xiqMQR4xAeHTuB9uWm+fFRcIOgKBMiOBP+eXiyT7jsgVCq1bkVygt00oASowB7EdtpOHaaPgKt812P9ab+DDKA==",
      "dev": true,
      "optional": true
    },
    "path-to-regexp": {
      "version": "6.2.0",
      "resolved": "https://registry.npmjs.org/path-to-regexp/-/path-to-regexp-6.2.0.tgz",
      "integrity": "sha512-f66KywYG6+43afgE/8j/GoiNyygk/bnoCbps++3ErRKsIYkGGupyv07R2Ok5m9i67Iqc+T2g1eAUGUPzWhYTyg=="
    },
    "rollup": {
      "version": "2.51.0",
      "resolved": "https://registry.npmjs.org/rollup/-/rollup-2.51.0.tgz",
      "integrity": "sha512-ITLt9sScNCBVspSHauw/W49lEZ0vjN8LyCzSNsNaqT67vTss2lYEfOyxltX8hjrhr1l/rQwmZ2wazzEqhZ/fUg==",
      "dev": true,
      "requires": {
        "fsevents": "~2.3.1"
      }
    },
    "universal-router": {
      "version": "9.0.1",
      "resolved": "https://registry.npmjs.org/universal-router/-/universal-router-9.0.1.tgz",
      "integrity": "sha512-cDKiUa0/XuEXVlbvngqW1gYaolq6/+hNakR291PostYaN5G7w6VOKfk3nIucHlX5MxFnvmSs9KsRgD+6pYwwzg==",
      "requires": {
        "path-to-regexp": "^6.1.0"
      }
    }
  }
}
